<?xml version="1.0" encoding="utf-8"?>
<Project ToolsVersion="16.0" xmlns="http://schemas.microsoft.com/developer/msbuild/2003">
  <ItemGroup>
    <ClCompile Include="D:\ogre-git\ogre\ogre\Components\Overlay\src\OgreBorderPanelOverlayElement.cpp">
      <Filter>Source Files</Filter>
    </ClCompile>
    <ClCompile Include="D:\ogre-git\ogre\ogre\Components\Overlay\src\OgreFont.cpp">
      <Filter>Source Files</Filter>
    </ClCompile>
    <ClCompile Include="D:\ogre-git\ogre\ogre\Components\Overlay\src\OgreFontManager.cpp">
      <Filter>Source Files</Filter>
    </ClCompile>
    <ClCompile Include="D:\ogre-git\ogre\ogre\Components\Overlay\src\OgreImGuiOverlay.cpp">
      <Filter>Source Files</Filter>
    </ClCompile>
    <ClCompile Include="D:\ogre-git\ogre\ogre\Components\Overlay\src\OgreOverlay.cpp">
      <Filter>Source Files</Filter>
    </ClCompile>
    <ClCompile Include="D:\ogre-git\ogre\ogre\Components\Overlay\src\OgreOverlayContainer.cpp">
      <Filter>Source Files</Filter>
    </ClCompile>
    <ClCompile Include="D:\ogre-git\ogre\ogre\Components\Overlay\src\OgreOverlayElement.cpp">
      <Filter>Source Files</Filter>
    </ClCompile>
    <ClCompile Include="D:\ogre-git\ogre\ogre\Components\Overlay\src\OgreOverlayElementCommands.cpp">
      <Filter>Source Files</Filter>
    </ClCompile>
    <ClCompile Include="D:\ogre-git\ogre\ogre\Components\Overlay\src\OgreOverlayManager.cpp">
      <Filter>Source Files</Filter>
    </ClCompile>
    <ClCompile Include="D:\ogre-git\ogre\ogre\Components\Overlay\src\OgreOverlayProfileSessionListener.cpp">
      <Filter>Source Files</Filter>
    </ClCompile>
    <ClCompile Include="D:\ogre-git\ogre\ogre\Components\Overlay\src\OgreOverlaySystem.cpp">
      <Filter>Source Files</Filter>
    </ClCompile>
    <ClCompile Include="D:\ogre-git\ogre\ogre\Components\Overlay\src\OgreOverlayTranslator.cpp">
      <Filter>Source Files</Filter>
    </ClCompile>
    <ClCompile Include="D:\ogre-git\ogre\ogre\Components\Overlay\src\OgrePanelOverlayElement.cpp">
      <Filter>Source Files</Filter>
    </ClCompile>
    <ClCompile Include="D:\ogre-git\ogre\ogre\Components\Overlay\src\OgreTextAreaOverlayElement.cpp">
      <Filter>Source Files</Filter>
    </ClCompile>
    <ClCompile Include="D:\ogre-git\ogre\ogre\builds\imgui-1.90\imgui.cpp">
      <Filter>Source Files</Filter>
    </ClCompile>
    <ClCompile Include="D:\ogre-git\ogre\ogre\builds\imgui-1.90\imgui_draw.cpp">
      <Filter>Source Files</Filter>
    </ClCompile>
    <ClCompile Include="D:\ogre-git\ogre\ogre\builds\imgui-1.90\imgui_tables.cpp">
      <Filter>Source Files</Filter>
    </ClCompile>
    <ClCompile Include="D:\ogre-git\ogre\ogre\builds\imgui-1.90\imgui_widgets.cpp">
      <Filter>Source Files</Filter>
    </ClCompile>
    <ClCompile Include="D:\ogre-git\ogre\ogre\builds\imgui-1.90\imgui_demo.cpp">
      <Filter>Source Files</Filter>
    </ClCompile>
  </ItemGroup>
  <ItemGroup>
    <ClInclude Include="D:\ogre-git\ogre\ogre\Components\Overlay\include\OgreBorderPanelOverlayElement.h">
      <Filter>Header Files</Filter>
    </ClInclude>
    <ClInclude Include="D:\ogre-git\ogre\ogre\Components\Overlay\include\OgreFont.h">
      <Filter>Header Files</Filter>
    </ClInclude>
    <ClInclude Include="D:\ogre-git\ogre\ogre\Components\Overlay\include\OgreFontManager.h">
      <Filter>Header Files</Filter>
    </ClInclude>
    <ClInclude Include="D:\ogre-git\ogre\ogre\Components\Overlay\include\OgreImGuiOverlay.h">
      <Filter>Header Files</Filter>
    </ClInclude>
    <ClInclude Include="D:\ogre-git\ogre\ogre\Components\Overlay\include\OgreOverlay.h">
      <Filter>Header Files</Filter>
    </ClInclude>
    <ClInclude Include="D:\ogre-git\ogre\ogre\Components\Overlay\include\OgreOverlayContainer.h">
      <Filter>Header Files</Filter>
    </ClInclude>
    <ClInclude Include="D:\ogre-git\ogre\ogre\Components\Overlay\include\OgreOverlayElement.h">
      <Filter>Header Files</Filter>
    </ClInclude>
    <ClInclude Include="D:\ogre-git\ogre\ogre\Components\Overlay\include\OgreOverlayElementFactory.h">
      <Filter>Header Files</Filter>
    </ClInclude>
    <ClInclude Include="D:\ogre-git\ogre\ogre\Components\Overlay\include\OgreOverlayManager.h">
      <Filter>Header Files</Filter>
    </ClInclude>
    <ClInclude Include="D:\ogre-git\ogre\ogre\Components\Overlay\include\OgreOverlayProfileSessionListener.h">
      <Filter>Header Files</Filter>
    </ClInclude>
    <ClInclude Include="D:\ogre-git\ogre\ogre\Components\Overlay\include\OgreOverlaySystem.h">
      <Filter>Header Files</Filter>
    </ClInclude>
    <ClInclude Include="D:\ogre-git\ogre\ogre\Components\Overlay\include\OgrePanelOverlayElement.h">
      <Filter>Header Files</Filter>
    </ClInclude>
    <ClInclude Include="D:\ogre-git\ogre\ogre\Components\Overlay\include\OgreTextAreaOverlayElement.h">
      <Filter>Header Files</Filter>
    </ClInclude>
    <ClInclude Include="D:\ogre-git\ogre\ogre\builds\include\OgreOverlayPrerequisites.h">
      <Filter>Header Files</Filter>
    </ClInclude>
  </ItemGroup>
  <ItemGroup>
    <None Include="D:\ogre-git\ogre\ogre\Components\Overlay\include\OgreOverlay.i" />
  </ItemGroup>
  <ItemGroup>
    <Filter Include="Header Files">
      <UniqueIdentifier>{B0D8DF87-7699-3108-A903-AD04EE667C1B}</UniqueIdentifier>
    </Filter>
    <Filter Include="Source Files">
      <UniqueIdentifier>{579F3BE6-B2E6-3BA9-A289-00BCE0765961}</UniqueIdentifier>
    </Filter>
  </ItemGroup>
</Project>
