<?xml version="1.0" encoding="utf-8"?>
<Project ToolsVersion="16.0" xmlns="http://schemas.microsoft.com/developer/msbuild/2003">
  <ItemGroup>
    <ClCompile Include="D:\ogre-git\ogre\ogre\builds\Components\MeshLodGenerator\CMakeFiles\OgreMeshLodGenerator.dir\cmake_pch.cxx">
      <Filter>Source Files</Filter>
    </ClCompile>
    <ClCompile Include="D:\ogre-git\ogre\ogre\Components\MeshLodGenerator\src\OgreLodBuffer.cpp">
      <Filter>Source Files</Filter>
    </ClCompile>
    <ClCompile Include="D:\ogre-git\ogre\ogre\Components\MeshLodGenerator\src\OgreLodCollapseCost.cpp">
      <Filter>Source Files</Filter>
    </ClCompile>
    <ClCompile Include="D:\ogre-git\ogre\ogre\Components\MeshLodGenerator\src\OgreLodCollapseCostCurvature.cpp">
      <Filter>Source Files</Filter>
    </ClCompile>
    <ClCompile Include="D:\ogre-git\ogre\ogre\Components\MeshLodGenerator\src\OgreLodCollapseCostOutside.cpp">
      <Filter>Source Files</Filter>
    </ClCompile>
    <ClCompile Include="D:\ogre-git\ogre\ogre\Components\MeshLodGenerator\src\OgreLodCollapseCostProfiler.cpp">
      <Filter>Source Files</Filter>
    </ClCompile>
    <ClCompile Include="D:\ogre-git\ogre\ogre\Components\MeshLodGenerator\src\OgreLodCollapseCostQuadric.cpp">
      <Filter>Source Files</Filter>
    </ClCompile>
    <ClCompile Include="D:\ogre-git\ogre\ogre\Components\MeshLodGenerator\src\OgreLodCollapser.cpp">
      <Filter>Source Files</Filter>
    </ClCompile>
    <ClCompile Include="D:\ogre-git\ogre\ogre\Components\MeshLodGenerator\src\OgreLodConfig.cpp">
      <Filter>Source Files</Filter>
    </ClCompile>
    <ClCompile Include="D:\ogre-git\ogre\ogre\Components\MeshLodGenerator\src\OgreLodConfigSerializer.cpp">
      <Filter>Source Files</Filter>
    </ClCompile>
    <ClCompile Include="D:\ogre-git\ogre\ogre\Components\MeshLodGenerator\src\OgreLodData.cpp">
      <Filter>Source Files</Filter>
    </ClCompile>
    <ClCompile Include="D:\ogre-git\ogre\ogre\Components\MeshLodGenerator\src\OgreLodInputProvider.cpp">
      <Filter>Source Files</Filter>
    </ClCompile>
    <ClCompile Include="D:\ogre-git\ogre\ogre\Components\MeshLodGenerator\src\OgreLodInputProviderBuffer.cpp">
      <Filter>Source Files</Filter>
    </ClCompile>
    <ClCompile Include="D:\ogre-git\ogre\ogre\Components\MeshLodGenerator\src\OgreLodInputProviderMesh.cpp">
      <Filter>Source Files</Filter>
    </ClCompile>
    <ClCompile Include="D:\ogre-git\ogre\ogre\Components\MeshLodGenerator\src\OgreLodOutputProvider.cpp">
      <Filter>Source Files</Filter>
    </ClCompile>
    <ClCompile Include="D:\ogre-git\ogre\ogre\Components\MeshLodGenerator\src\OgreLodOutputProviderBuffer.cpp">
      <Filter>Source Files</Filter>
    </ClCompile>
    <ClCompile Include="D:\ogre-git\ogre\ogre\Components\MeshLodGenerator\src\OgreLodOutputProviderMesh.cpp">
      <Filter>Source Files</Filter>
    </ClCompile>
    <ClCompile Include="D:\ogre-git\ogre\ogre\Components\MeshLodGenerator\src\OgreLodOutsideMarker.cpp">
      <Filter>Source Files</Filter>
    </ClCompile>
    <ClCompile Include="D:\ogre-git\ogre\ogre\Components\MeshLodGenerator\src\OgreMeshLodGenerator.cpp">
      <Filter>Source Files</Filter>
    </ClCompile>
    <ClCompile Include="D:\ogre-git\ogre\ogre\Components\MeshLodGenerator\src\OgreSmallVector.cpp">
      <Filter>Source Files</Filter>
    </ClCompile>
  </ItemGroup>
  <ItemGroup>
    <ClInclude Include="D:\ogre-git\ogre\ogre\Components\MeshLodGenerator\include\OgreLod0Stripifier.h">
      <Filter>Header Files</Filter>
    </ClInclude>
    <ClInclude Include="D:\ogre-git\ogre\ogre\Components\MeshLodGenerator\include\OgreLodCollapseCost.h">
      <Filter>Header Files</Filter>
    </ClInclude>
    <ClInclude Include="D:\ogre-git\ogre\ogre\Components\MeshLodGenerator\include\OgreLodCollapseCostCurvature.h">
      <Filter>Header Files</Filter>
    </ClInclude>
    <ClInclude Include="D:\ogre-git\ogre\ogre\Components\MeshLodGenerator\include\OgreLodCollapseCostOutside.h">
      <Filter>Header Files</Filter>
    </ClInclude>
    <ClInclude Include="D:\ogre-git\ogre\ogre\Components\MeshLodGenerator\include\OgreLodCollapseCostProfiler.h">
      <Filter>Header Files</Filter>
    </ClInclude>
    <ClInclude Include="D:\ogre-git\ogre\ogre\Components\MeshLodGenerator\include\OgreLodCollapseCostQuadric.h">
      <Filter>Header Files</Filter>
    </ClInclude>
    <ClInclude Include="D:\ogre-git\ogre\ogre\Components\MeshLodGenerator\include\OgreLodCollapser.h">
      <Filter>Header Files</Filter>
    </ClInclude>
    <ClInclude Include="D:\ogre-git\ogre\ogre\Components\MeshLodGenerator\include\OgreLodConfig.h">
      <Filter>Header Files</Filter>
    </ClInclude>
    <ClInclude Include="D:\ogre-git\ogre\ogre\Components\MeshLodGenerator\include\OgreLodConfigSerializer.h">
      <Filter>Header Files</Filter>
    </ClInclude>
    <ClInclude Include="D:\ogre-git\ogre\ogre\Components\MeshLodGenerator\include\OgreLodData.h">
      <Filter>Header Files</Filter>
    </ClInclude>
    <ClInclude Include="D:\ogre-git\ogre\ogre\Components\MeshLodGenerator\include\OgreLodInputProvider.h">
      <Filter>Header Files</Filter>
    </ClInclude>
    <ClInclude Include="D:\ogre-git\ogre\ogre\Components\MeshLodGenerator\include\OgreLodOutputProvider.h">
      <Filter>Header Files</Filter>
    </ClInclude>
    <ClInclude Include="D:\ogre-git\ogre\ogre\Components\MeshLodGenerator\include\OgreLodOutsideMarker.h">
      <Filter>Header Files</Filter>
    </ClInclude>
    <ClInclude Include="D:\ogre-git\ogre\ogre\Components\MeshLodGenerator\include\OgreLodPrerequisites.h">
      <Filter>Header Files</Filter>
    </ClInclude>
    <ClInclude Include="D:\ogre-git\ogre\ogre\Components\MeshLodGenerator\include\OgreLodWorkQueueInjectorListener.h">
      <Filter>Header Files</Filter>
    </ClInclude>
    <ClInclude Include="D:\ogre-git\ogre\ogre\Components\MeshLodGenerator\include\OgreMeshLodGenerator.h">
      <Filter>Header Files</Filter>
    </ClInclude>
    <ClInclude Include="D:\ogre-git\ogre\ogre\Components\MeshLodGenerator\include\OgreSmallVector.h">
      <Filter>Header Files</Filter>
    </ClInclude>
    <ClInclude Include="D:\ogre-git\ogre\ogre\Components\MeshLodGenerator\include\OgreVectorSet.h">
      <Filter>Header Files</Filter>
    </ClInclude>
    <ClInclude Include="D:\ogre-git\ogre\ogre\Components\MeshLodGenerator\include\OgreVectorSetImpl.h">
      <Filter>Header Files</Filter>
    </ClInclude>
    <ClInclude Include="D:\ogre-git\ogre\ogre\builds\Components\MeshLodGenerator\CMakeFiles\OgreMeshLodGenerator.dir\Debug\cmake_pch.hxx">
      <Filter>Precompile Header File</Filter>
    </ClInclude>
    <ClInclude Include="D:\ogre-git\ogre\ogre\builds\Components\MeshLodGenerator\CMakeFiles\OgreMeshLodGenerator.dir\Release\cmake_pch.hxx">
      <Filter>Precompile Header File</Filter>
    </ClInclude>
    <ClInclude Include="D:\ogre-git\ogre\ogre\builds\Components\MeshLodGenerator\CMakeFiles\OgreMeshLodGenerator.dir\MinSizeRel\cmake_pch.hxx">
      <Filter>Precompile Header File</Filter>
    </ClInclude>
    <ClInclude Include="D:\ogre-git\ogre\ogre\builds\Components\MeshLodGenerator\CMakeFiles\OgreMeshLodGenerator.dir\RelWithDebInfo\cmake_pch.hxx">
      <Filter>Precompile Header File</Filter>
    </ClInclude>
  </ItemGroup>
  <ItemGroup>
    <Filter Include="Header Files">
      <UniqueIdentifier>{B0D8DF87-7699-3108-A903-AD04EE667C1B}</UniqueIdentifier>
    </Filter>
    <Filter Include="Precompile Header File">
      <UniqueIdentifier>{0868049B-61B8-3F06-9C46-4A09ABFA8780}</UniqueIdentifier>
    </Filter>
    <Filter Include="Source Files">
      <UniqueIdentifier>{579F3BE6-B2E6-3BA9-A289-00BCE0765961}</UniqueIdentifier>
    </Filter>
  </ItemGroup>
</Project>
