<?xml version="1.0" encoding="utf-8"?>
<Project ToolsVersion="16.0" xmlns="http://schemas.microsoft.com/developer/msbuild/2003">
  <ItemGroup>
    <ClCompile Include="D:\ogre-git\ogre\ogre\PlugIns\OctreeSceneManager\src\OgreOctree.cpp">
      <Filter>Source Files</Filter>
    </ClCompile>
    <ClCompile Include="D:\ogre-git\ogre\ogre\PlugIns\OctreeSceneManager\src\OgreOctreeCamera.cpp">
      <Filter>Source Files</Filter>
    </ClCompile>
    <ClCompile Include="D:\ogre-git\ogre\ogre\PlugIns\OctreeSceneManager\src\OgreOctreeNode.cpp">
      <Filter>Source Files</Filter>
    </ClCompile>
    <ClCompile Include="D:\ogre-git\ogre\ogre\PlugIns\OctreeSceneManager\src\OgreOctreePlugin.cpp">
      <Filter>Source Files</Filter>
    </ClCompile>
    <ClCompile Include="D:\ogre-git\ogre\ogre\PlugIns\OctreeSceneManager\src\OgreOctreeSceneManager.cpp">
      <Filter>Source Files</Filter>
    </ClCompile>
    <ClCompile Include="D:\ogre-git\ogre\ogre\PlugIns\OctreeSceneManager\src\OgreOctreeSceneManagerDll.cpp">
      <Filter>Source Files</Filter>
    </ClCompile>
    <ClCompile Include="D:\ogre-git\ogre\ogre\PlugIns\OctreeSceneManager\src\OgreOctreeSceneQuery.cpp">
      <Filter>Source Files</Filter>
    </ClCompile>
  </ItemGroup>
  <ItemGroup>
    <ClInclude Include="D:\ogre-git\ogre\ogre\PlugIns\OctreeSceneManager\include\OgreOctree.h">
      <Filter>Header Files</Filter>
    </ClInclude>
    <ClInclude Include="D:\ogre-git\ogre\ogre\PlugIns\OctreeSceneManager\include\OgreOctreeCamera.h">
      <Filter>Header Files</Filter>
    </ClInclude>
    <ClInclude Include="D:\ogre-git\ogre\ogre\PlugIns\OctreeSceneManager\include\OgreOctreeNode.h">
      <Filter>Header Files</Filter>
    </ClInclude>
    <ClInclude Include="D:\ogre-git\ogre\ogre\PlugIns\OctreeSceneManager\include\OgreOctreePlugin.h">
      <Filter>Header Files</Filter>
    </ClInclude>
    <ClInclude Include="D:\ogre-git\ogre\ogre\PlugIns\OctreeSceneManager\include\OgreOctreeSceneManager.h">
      <Filter>Header Files</Filter>
    </ClInclude>
    <ClInclude Include="D:\ogre-git\ogre\ogre\PlugIns\OctreeSceneManager\include\OgreOctreeSceneQuery.h">
      <Filter>Header Files</Filter>
    </ClInclude>
    <ClInclude Include="D:\ogre-git\ogre\ogre\builds\include\OgreOctreePrerequisites.h">
      <Filter>Header Files</Filter>
    </ClInclude>
  </ItemGroup>
  <ItemGroup>
    <Filter Include="Header Files">
      <UniqueIdentifier>{B0D8DF87-7699-3108-A903-AD04EE667C1B}</UniqueIdentifier>
    </Filter>
    <Filter Include="Source Files">
      <UniqueIdentifier>{579F3BE6-B2E6-3BA9-A289-00BCE0765961}</UniqueIdentifier>
    </Filter>
  </ItemGroup>
</Project>
