<?xml version="1.0" encoding="utf-8"?>
<Project ToolsVersion="16.0" xmlns="http://schemas.microsoft.com/developer/msbuild/2003">
  <ItemGroup>
    <CustomBuild Include="D:\ogre-git\ogre\ogre\builds\CMakeFiles\9cd6e231a19b3be846e7a6c0b7532421\INSTALL_force.rule">
      <Filter>CMake Rules</Filter>
    </CustomBuild>
  </ItemGroup>
  <ItemGroup>
    <Filter Include="CMake Rules">
      <UniqueIdentifier>{8BD0B8EF-AE50-315C-8DCC-93CD71810B9D}</UniqueIdentifier>
    </Filter>
  </ItemGroup>
</Project>
