
Microsoft Visual Studio Solution File, Format Version 12.00
# Visual Studio Version 16
Project("{8BC9CEB8-8B4A-11D0-8D11-00A0C91BC942}") = "ALL_BUILD", "ALL_BUILD.vcxproj", "{44A329A5-2855-3B4C-AB56-07C55F62885B}"
	ProjectSection(ProjectDependencies) = postProject
		{E62D9E93-EA5E-39E2-8F6E-E5E4BC63F7D7} = {E62D9E93-EA5E-39E2-8F6E-E5E4BC63F7D7}
		{F8B50B9E-E12D-3659-951C-FAD741A33318} = {F8B50B9E-E12D-3659-951C-FAD741A33318}
		{01C6547D-D5B5-34E1-A7B5-E234839B97E2} = {01C6547D-D5B5-34E1-A7B5-E234839B97E2}
		{9F539097-FF53-3B15-94F4-2E16F2E386C0} = {9F539097-FF53-3B15-94F4-2E16F2E386C0}
	EndProjectSection
EndProject
Project("{8BC9CEB8-8B4A-11D0-8D11-00A0C91BC942}") = "INSTALL", "INSTALL.vcxproj", "{46782E5C-F387-39EB-B291-DC20B0DBAC1E}"
	ProjectSection(ProjectDependencies) = postProject
		{44A329A5-2855-3B4C-AB56-07C55F62885B} = {44A329A5-2855-3B4C-AB56-07C55F62885B}
		{9F539097-FF53-3B15-94F4-2E16F2E386C0} = {9F539097-FF53-3B15-94F4-2E16F2E386C0}
	EndProjectSection
EndProject
Project("{8BC9CEB8-8B4A-11D0-8D11-00A0C91BC942}") = "SDL2", "SDL2.vcxproj", "{E62D9E93-EA5E-39E2-8F6E-E5E4BC63F7D7}"
	ProjectSection(ProjectDependencies) = postProject
		{9F539097-FF53-3B15-94F4-2E16F2E386C0} = {9F539097-FF53-3B15-94F4-2E16F2E386C0}
		{E1BEE3BA-7C75-3BBC-B5D3-DBD0C7BA3A9F} = {E1BEE3BA-7C75-3BBC-B5D3-DBD0C7BA3A9F}
	EndProjectSection
EndProject
Project("{8BC9CEB8-8B4A-11D0-8D11-00A0C91BC942}") = "SDL2_test", "SDL2_test.vcxproj", "{F8B50B9E-E12D-3659-951C-FAD741A33318}"
	ProjectSection(ProjectDependencies) = postProject
		{9F539097-FF53-3B15-94F4-2E16F2E386C0} = {9F539097-FF53-3B15-94F4-2E16F2E386C0}
		{E1BEE3BA-7C75-3BBC-B5D3-DBD0C7BA3A9F} = {E1BEE3BA-7C75-3BBC-B5D3-DBD0C7BA3A9F}
	EndProjectSection
EndProject
Project("{8BC9CEB8-8B4A-11D0-8D11-00A0C91BC942}") = "SDL2main", "SDL2main.vcxproj", "{01C6547D-D5B5-34E1-A7B5-E234839B97E2}"
	ProjectSection(ProjectDependencies) = postProject
		{9F539097-FF53-3B15-94F4-2E16F2E386C0} = {9F539097-FF53-3B15-94F4-2E16F2E386C0}
		{E1BEE3BA-7C75-3BBC-B5D3-DBD0C7BA3A9F} = {E1BEE3BA-7C75-3BBC-B5D3-DBD0C7BA3A9F}
	EndProjectSection
EndProject
Project("{8BC9CEB8-8B4A-11D0-8D11-00A0C91BC942}") = "ZERO_CHECK", "ZERO_CHECK.vcxproj", "{9F539097-FF53-3B15-94F4-2E16F2E386C0}"
	ProjectSection(ProjectDependencies) = postProject
	EndProjectSection
EndProject
Project("{8BC9CEB8-8B4A-11D0-8D11-00A0C91BC942}") = "sdl_headers_copy", "sdl_headers_copy.vcxproj", "{E1BEE3BA-7C75-3BBC-B5D3-DBD0C7BA3A9F}"
	ProjectSection(ProjectDependencies) = postProject
		{9F539097-FF53-3B15-94F4-2E16F2E386C0} = {9F539097-FF53-3B15-94F4-2E16F2E386C0}
	EndProjectSection
EndProject
Project("{8BC9CEB8-8B4A-11D0-8D11-00A0C91BC942}") = "uninstall", "uninstall.vcxproj", "{AE480E86-5A43-36FB-AF7F-BE81F8EA66C5}"
	ProjectSection(ProjectDependencies) = postProject
		{9F539097-FF53-3B15-94F4-2E16F2E386C0} = {9F539097-FF53-3B15-94F4-2E16F2E386C0}
	EndProjectSection
EndProject
Global
	GlobalSection(SolutionConfigurationPlatforms) = preSolution
		Debug|x64 = Debug|x64
		Release|x64 = Release|x64
		MinSizeRel|x64 = MinSizeRel|x64
		RelWithDebInfo|x64 = RelWithDebInfo|x64
	EndGlobalSection
	GlobalSection(ProjectConfigurationPlatforms) = postSolution
		{44A329A5-2855-3B4C-AB56-07C55F62885B}.Debug|x64.ActiveCfg = Debug|x64
		{44A329A5-2855-3B4C-AB56-07C55F62885B}.Debug|x64.Build.0 = Debug|x64
		{44A329A5-2855-3B4C-AB56-07C55F62885B}.Release|x64.ActiveCfg = Release|x64
		{44A329A5-2855-3B4C-AB56-07C55F62885B}.Release|x64.Build.0 = Release|x64
		{44A329A5-2855-3B4C-AB56-07C55F62885B}.MinSizeRel|x64.ActiveCfg = MinSizeRel|x64
		{44A329A5-2855-3B4C-AB56-07C55F62885B}.MinSizeRel|x64.Build.0 = MinSizeRel|x64
		{44A329A5-2855-3B4C-AB56-07C55F62885B}.RelWithDebInfo|x64.ActiveCfg = RelWithDebInfo|x64
		{44A329A5-2855-3B4C-AB56-07C55F62885B}.RelWithDebInfo|x64.Build.0 = RelWithDebInfo|x64
		{46782E5C-F387-39EB-B291-DC20B0DBAC1E}.Debug|x64.ActiveCfg = Debug|x64
		{46782E5C-F387-39EB-B291-DC20B0DBAC1E}.Release|x64.ActiveCfg = Release|x64
		{46782E5C-F387-39EB-B291-DC20B0DBAC1E}.MinSizeRel|x64.ActiveCfg = MinSizeRel|x64
		{46782E5C-F387-39EB-B291-DC20B0DBAC1E}.RelWithDebInfo|x64.ActiveCfg = RelWithDebInfo|x64
		{E62D9E93-EA5E-39E2-8F6E-E5E4BC63F7D7}.Debug|x64.ActiveCfg = Debug|x64
		{E62D9E93-EA5E-39E2-8F6E-E5E4BC63F7D7}.Debug|x64.Build.0 = Debug|x64
		{E62D9E93-EA5E-39E2-8F6E-E5E4BC63F7D7}.Release|x64.ActiveCfg = Release|x64
		{E62D9E93-EA5E-39E2-8F6E-E5E4BC63F7D7}.Release|x64.Build.0 = Release|x64
		{E62D9E93-EA5E-39E2-8F6E-E5E4BC63F7D7}.MinSizeRel|x64.ActiveCfg = MinSizeRel|x64
		{E62D9E93-EA5E-39E2-8F6E-E5E4BC63F7D7}.MinSizeRel|x64.Build.0 = MinSizeRel|x64
		{E62D9E93-EA5E-39E2-8F6E-E5E4BC63F7D7}.RelWithDebInfo|x64.ActiveCfg = RelWithDebInfo|x64
		{E62D9E93-EA5E-39E2-8F6E-E5E4BC63F7D7}.RelWithDebInfo|x64.Build.0 = RelWithDebInfo|x64
		{F8B50B9E-E12D-3659-951C-FAD741A33318}.Debug|x64.ActiveCfg = Debug|x64
		{F8B50B9E-E12D-3659-951C-FAD741A33318}.Debug|x64.Build.0 = Debug|x64
		{F8B50B9E-E12D-3659-951C-FAD741A33318}.Release|x64.ActiveCfg = Release|x64
		{F8B50B9E-E12D-3659-951C-FAD741A33318}.Release|x64.Build.0 = Release|x64
		{F8B50B9E-E12D-3659-951C-FAD741A33318}.MinSizeRel|x64.ActiveCfg = MinSizeRel|x64
		{F8B50B9E-E12D-3659-951C-FAD741A33318}.MinSizeRel|x64.Build.0 = MinSizeRel|x64
		{F8B50B9E-E12D-3659-951C-FAD741A33318}.RelWithDebInfo|x64.ActiveCfg = RelWithDebInfo|x64
		{F8B50B9E-E12D-3659-951C-FAD741A33318}.RelWithDebInfo|x64.Build.0 = RelWithDebInfo|x64
		{01C6547D-D5B5-34E1-A7B5-E234839B97E2}.Debug|x64.ActiveCfg = Debug|x64
		{01C6547D-D5B5-34E1-A7B5-E234839B97E2}.Debug|x64.Build.0 = Debug|x64
		{01C6547D-D5B5-34E1-A7B5-E234839B97E2}.Release|x64.ActiveCfg = Release|x64
		{01C6547D-D5B5-34E1-A7B5-E234839B97E2}.Release|x64.Build.0 = Release|x64
		{01C6547D-D5B5-34E1-A7B5-E234839B97E2}.MinSizeRel|x64.ActiveCfg = MinSizeRel|x64
		{01C6547D-D5B5-34E1-A7B5-E234839B97E2}.MinSizeRel|x64.Build.0 = MinSizeRel|x64
		{01C6547D-D5B5-34E1-A7B5-E234839B97E2}.RelWithDebInfo|x64.ActiveCfg = RelWithDebInfo|x64
		{01C6547D-D5B5-34E1-A7B5-E234839B97E2}.RelWithDebInfo|x64.Build.0 = RelWithDebInfo|x64
		{9F539097-FF53-3B15-94F4-2E16F2E386C0}.Debug|x64.ActiveCfg = Debug|x64
		{9F539097-FF53-3B15-94F4-2E16F2E386C0}.Debug|x64.Build.0 = Debug|x64
		{9F539097-FF53-3B15-94F4-2E16F2E386C0}.Release|x64.ActiveCfg = Release|x64
		{9F539097-FF53-3B15-94F4-2E16F2E386C0}.Release|x64.Build.0 = Release|x64
		{9F539097-FF53-3B15-94F4-2E16F2E386C0}.MinSizeRel|x64.ActiveCfg = MinSizeRel|x64
		{9F539097-FF53-3B15-94F4-2E16F2E386C0}.MinSizeRel|x64.Build.0 = MinSizeRel|x64
		{9F539097-FF53-3B15-94F4-2E16F2E386C0}.RelWithDebInfo|x64.ActiveCfg = RelWithDebInfo|x64
		{9F539097-FF53-3B15-94F4-2E16F2E386C0}.RelWithDebInfo|x64.Build.0 = RelWithDebInfo|x64
		{E1BEE3BA-7C75-3BBC-B5D3-DBD0C7BA3A9F}.Debug|x64.ActiveCfg = Debug|x64
		{E1BEE3BA-7C75-3BBC-B5D3-DBD0C7BA3A9F}.Debug|x64.Build.0 = Debug|x64
		{E1BEE3BA-7C75-3BBC-B5D3-DBD0C7BA3A9F}.Release|x64.ActiveCfg = Release|x64
		{E1BEE3BA-7C75-3BBC-B5D3-DBD0C7BA3A9F}.Release|x64.Build.0 = Release|x64
		{E1BEE3BA-7C75-3BBC-B5D3-DBD0C7BA3A9F}.MinSizeRel|x64.ActiveCfg = MinSizeRel|x64
		{E1BEE3BA-7C75-3BBC-B5D3-DBD0C7BA3A9F}.MinSizeRel|x64.Build.0 = MinSizeRel|x64
		{E1BEE3BA-7C75-3BBC-B5D3-DBD0C7BA3A9F}.RelWithDebInfo|x64.ActiveCfg = RelWithDebInfo|x64
		{E1BEE3BA-7C75-3BBC-B5D3-DBD0C7BA3A9F}.RelWithDebInfo|x64.Build.0 = RelWithDebInfo|x64
		{AE480E86-5A43-36FB-AF7F-BE81F8EA66C5}.Debug|x64.ActiveCfg = Debug|x64
		{AE480E86-5A43-36FB-AF7F-BE81F8EA66C5}.Release|x64.ActiveCfg = Release|x64
		{AE480E86-5A43-36FB-AF7F-BE81F8EA66C5}.MinSizeRel|x64.ActiveCfg = MinSizeRel|x64
		{AE480E86-5A43-36FB-AF7F-BE81F8EA66C5}.RelWithDebInfo|x64.ActiveCfg = RelWithDebInfo|x64
	EndGlobalSection
	GlobalSection(ExtensibilityGlobals) = postSolution
		SolutionGuid = {8DE95370-7236-3300-B171-B964CC5F556A}
	EndGlobalSection
	GlobalSection(ExtensibilityAddIns) = postSolution
	EndGlobalSection
EndGlobal
