<?xml version="1.0" encoding="utf-8"?>
<Project ToolsVersion="16.0" xmlns="http://schemas.microsoft.com/developer/msbuild/2003">
  <ItemGroup>
    <ClCompile Include="D:\ogre-git\ogre\ogre\PlugIns\BSPSceneManager\src\OgreBspLevel.cpp">
      <Filter>Source Files</Filter>
    </ClCompile>
    <ClCompile Include="D:\ogre-git\ogre\ogre\PlugIns\BSPSceneManager\src\OgreBspNode.cpp">
      <Filter>Source Files</Filter>
    </ClCompile>
    <ClCompile Include="D:\ogre-git\ogre\ogre\PlugIns\BSPSceneManager\src\OgreBspSceneManager.cpp">
      <Filter>Source Files</Filter>
    </ClCompile>
    <ClCompile Include="D:\ogre-git\ogre\ogre\PlugIns\BSPSceneManager\src\OgreBspSceneManagerDll.cpp">
      <Filter>Source Files</Filter>
    </ClCompile>
    <ClCompile Include="D:\ogre-git\ogre\ogre\PlugIns\BSPSceneManager\src\OgreBspSceneManagerPlugin.cpp">
      <Filter>Source Files</Filter>
    </ClCompile>
    <ClCompile Include="D:\ogre-git\ogre\ogre\PlugIns\BSPSceneManager\src\OgreBspSceneNode.cpp">
      <Filter>Source Files</Filter>
    </ClCompile>
    <ClCompile Include="D:\ogre-git\ogre\ogre\PlugIns\BSPSceneManager\src\OgreQuake3Level.cpp">
      <Filter>Source Files</Filter>
    </ClCompile>
    <ClCompile Include="D:\ogre-git\ogre\ogre\PlugIns\BSPSceneManager\src\OgreQuake3Shader.cpp">
      <Filter>Source Files</Filter>
    </ClCompile>
    <ClCompile Include="D:\ogre-git\ogre\ogre\PlugIns\BSPSceneManager\src\OgreQuake3ShaderManager.cpp">
      <Filter>Source Files</Filter>
    </ClCompile>
  </ItemGroup>
  <ItemGroup>
    <ClInclude Include="D:\ogre-git\ogre\ogre\PlugIns\BSPSceneManager\include\OgreBspLevel.h">
      <Filter>Header Files</Filter>
    </ClInclude>
    <ClInclude Include="D:\ogre-git\ogre\ogre\PlugIns\BSPSceneManager\include\OgreBspNode.h">
      <Filter>Header Files</Filter>
    </ClInclude>
    <ClInclude Include="D:\ogre-git\ogre\ogre\PlugIns\BSPSceneManager\include\OgreBspSceneManager.h">
      <Filter>Header Files</Filter>
    </ClInclude>
    <ClInclude Include="D:\ogre-git\ogre\ogre\PlugIns\BSPSceneManager\include\OgreBspSceneManagerPlugin.h">
      <Filter>Header Files</Filter>
    </ClInclude>
    <ClInclude Include="D:\ogre-git\ogre\ogre\PlugIns\BSPSceneManager\include\OgreBspSceneNode.h">
      <Filter>Header Files</Filter>
    </ClInclude>
    <ClInclude Include="D:\ogre-git\ogre\ogre\PlugIns\BSPSceneManager\include\OgreQuake3Level.h">
      <Filter>Header Files</Filter>
    </ClInclude>
    <ClInclude Include="D:\ogre-git\ogre\ogre\PlugIns\BSPSceneManager\include\OgreQuake3Shader.h">
      <Filter>Header Files</Filter>
    </ClInclude>
    <ClInclude Include="D:\ogre-git\ogre\ogre\PlugIns\BSPSceneManager\include\OgreQuake3ShaderManager.h">
      <Filter>Header Files</Filter>
    </ClInclude>
    <ClInclude Include="D:\ogre-git\ogre\ogre\PlugIns\BSPSceneManager\include\OgreQuake3Types.h">
      <Filter>Header Files</Filter>
    </ClInclude>
    <ClInclude Include="D:\ogre-git\ogre\ogre\PlugIns\BSPSceneManager\include\OgreStaticFaceGroup.h">
      <Filter>Header Files</Filter>
    </ClInclude>
    <ClInclude Include="D:\ogre-git\ogre\ogre\builds\include\OgreBspPrerequisites.h">
      <Filter>Header Files</Filter>
    </ClInclude>
  </ItemGroup>
  <ItemGroup>
    <Filter Include="Header Files">
      <UniqueIdentifier>{B0D8DF87-7699-3108-A903-AD04EE667C1B}</UniqueIdentifier>
    </Filter>
    <Filter Include="Source Files">
      <UniqueIdentifier>{579F3BE6-B2E6-3BA9-A289-00BCE0765961}</UniqueIdentifier>
    </Filter>
  </ItemGroup>
</Project>
