
Microsoft Visual Studio Solution File, Format Version 12.00
# Visual Studio Version 16
VisualStudioVersion = 16.0.34301.259
MinimumVisualStudioVersion = 10.0.40219.1
Project("{2150E333-8FDC-42A3-9474-1A3956D46DE8}") = "CMakePredefinedTargets", "CMakePredefinedTargets", "{5E3C2D2C-02CA-3E8C-9B13-67CF2108C1FC}"
EndProject
Project("{2150E333-8FDC-42A3-9474-1A3956D46DE8}") = "Components", "Components", "{53BF4041-B574-3538-89FF-FB4C37005033}"
EndProject
Project("{2150E333-8FDC-42A3-9474-1A3956D46DE8}") = "Tools", "Tools", "{248055BE-47FA-3DBE-ABC9-A7B9D5C40639}"
EndProject
Project("{8BC9CEB8-8B4A-11D0-8D11-00A0C91BC942}") = "ALL_BUILD", "ALL_BUILD.vcxproj", "{46AEE438-DD45-3D78-9384-71F906CD9B90}"
	ProjectSection(ProjectDependencies) = postProject
		{2BBC0708-5D24-3AA2-9C07-4D2B55192292} = {2BBC0708-5D24-3AA2-9C07-4D2B55192292}
		{9C77F28D-098E-37C1-99EA-71FA0D00C5CE} = {9C77F28D-098E-37C1-99EA-71FA0D00C5CE}
		{CDCD0E37-B3C5-3161-9612-26AB10C20A2C} = {CDCD0E37-B3C5-3161-9612-26AB10C20A2C}
		{03429366-3BEC-3D16-A1BF-E3291552E237} = {03429366-3BEC-3D16-A1BF-E3291552E237}
		{4C372670-A871-39DA-8F14-CA77333E2771} = {4C372670-A871-39DA-8F14-CA77333E2771}
		{D4E82BF3-54F2-3703-8387-B2B7E87A8276} = {D4E82BF3-54F2-3703-8387-B2B7E87A8276}
		{2B73A698-D4A9-3C0C-89C1-0266ACB9E0F0} = {2B73A698-D4A9-3C0C-89C1-0266ACB9E0F0}
		{B0DC186A-4A1D-3D82-936A-33DF83284A77} = {B0DC186A-4A1D-3D82-936A-33DF83284A77}
		{DA990C45-33D5-3453-9BEC-AAB67CE00025} = {DA990C45-33D5-3453-9BEC-AAB67CE00025}
		{B343C97D-0256-3ADB-8E68-89797DE991D1} = {B343C97D-0256-3ADB-8E68-89797DE991D1}
		{5BD58DBF-0030-3B3B-AD39-D1D697F039AB} = {5BD58DBF-0030-3B3B-AD39-D1D697F039AB}
		{730C62C0-94A6-30ED-A0CF-C3754BF35FDB} = {730C62C0-94A6-30ED-A0CF-C3754BF35FDB}
		{10EC894E-59BA-3EF0-8E0C-C6E629AD25B5} = {10EC894E-59BA-3EF0-8E0C-C6E629AD25B5}
		{F5678B55-1901-3A55-9943-CC61A5A54264} = {F5678B55-1901-3A55-9943-CC61A5A54264}
		{E05EA8A7-3314-31F1-AC4C-D6F87AA83F89} = {E05EA8A7-3314-31F1-AC4C-D6F87AA83F89}
		{194FDF11-DAC3-3D7D-9AB5-5EFBB7D3C9D5} = {194FDF11-DAC3-3D7D-9AB5-5EFBB7D3C9D5}
		{7BBBB103-4679-3371-97D8-E866C0CD6663} = {7BBBB103-4679-3371-97D8-E866C0CD6663}
		{6F794F3B-902B-33D1-813D-357D43600423} = {6F794F3B-902B-33D1-813D-357D43600423}
		{5FD7ED43-7E9D-3171-B509-1821666E286F} = {5FD7ED43-7E9D-3171-B509-1821666E286F}
		{AED36110-67AF-37DC-860B-44809A0EB93E} = {AED36110-67AF-37DC-860B-44809A0EB93E}
		{C58D2299-DCE6-3F54-BC77-438178F17F3C} = {C58D2299-DCE6-3F54-BC77-438178F17F3C}
		{08E3AEB6-673B-3C33-9667-D48A538B07BD} = {08E3AEB6-673B-3C33-9667-D48A538B07BD}
		{9A72E3A8-0286-3309-9B12-318658344CA4} = {9A72E3A8-0286-3309-9B12-318658344CA4}
		{CD587598-A352-325F-8395-C669758C4597} = {CD587598-A352-325F-8395-C669758C4597}
		{632F6D81-8A8A-3A1B-8E8C-BC66400494D0} = {632F6D81-8A8A-3A1B-8E8C-BC66400494D0}
		{33213E80-CAC1-3890-BF76-2F05F6D6586F} = {33213E80-CAC1-3890-BF76-2F05F6D6586F}
		{EE217E9E-7941-3D6C-9E84-167ED138D2AD} = {EE217E9E-7941-3D6C-9E84-167ED138D2AD}
		{39932284-477B-3613-9DFC-7D1C8A053CD5} = {39932284-477B-3613-9DFC-7D1C8A053CD5}
	EndProjectSection
EndProject
Project("{8BC9CEB8-8B4A-11D0-8D11-00A0C91BC942}") = "Codec_STBI", "PlugIns\STBICodec\Codec_STBI.vcxproj", "{2BBC0708-5D24-3AA2-9C07-4D2B55192292}"
	ProjectSection(ProjectDependencies) = postProject
		{D4E82BF3-54F2-3703-8387-B2B7E87A8276} = {D4E82BF3-54F2-3703-8387-B2B7E87A8276}
	EndProjectSection
EndProject
Project("{8BC9CEB8-8B4A-11D0-8D11-00A0C91BC942}") = "DefaultSamples", "Samples\DefaultSamples.vcxproj", "{9C77F28D-098E-37C1-99EA-71FA0D00C5CE}"
	ProjectSection(ProjectDependencies) = postProject
		{CDCD0E37-B3C5-3161-9612-26AB10C20A2C} = {CDCD0E37-B3C5-3161-9612-26AB10C20A2C}
		{03429366-3BEC-3D16-A1BF-E3291552E237} = {03429366-3BEC-3D16-A1BF-E3291552E237}
		{D4E82BF3-54F2-3703-8387-B2B7E87A8276} = {D4E82BF3-54F2-3703-8387-B2B7E87A8276}
		{2B73A698-D4A9-3C0C-89C1-0266ACB9E0F0} = {2B73A698-D4A9-3C0C-89C1-0266ACB9E0F0}
		{DA990C45-33D5-3453-9BEC-AAB67CE00025} = {DA990C45-33D5-3453-9BEC-AAB67CE00025}
		{B343C97D-0256-3ADB-8E68-89797DE991D1} = {B343C97D-0256-3ADB-8E68-89797DE991D1}
		{730C62C0-94A6-30ED-A0CF-C3754BF35FDB} = {730C62C0-94A6-30ED-A0CF-C3754BF35FDB}
		{10EC894E-59BA-3EF0-8E0C-C6E629AD25B5} = {10EC894E-59BA-3EF0-8E0C-C6E629AD25B5}
		{F5678B55-1901-3A55-9943-CC61A5A54264} = {F5678B55-1901-3A55-9943-CC61A5A54264}
		{AED36110-67AF-37DC-860B-44809A0EB93E} = {AED36110-67AF-37DC-860B-44809A0EB93E}
	EndProjectSection
EndProject
Project("{8BC9CEB8-8B4A-11D0-8D11-00A0C91BC942}") = "INSTALL", "INSTALL.vcxproj", "{35F8D913-89CB-37C1-A689-ABEDDF4AEFB2}"
	ProjectSection(ProjectDependencies) = postProject
		{46AEE438-DD45-3D78-9384-71F906CD9B90} = {46AEE438-DD45-3D78-9384-71F906CD9B90}
	EndProjectSection
EndProject
Project("{8BC9CEB8-8B4A-11D0-8D11-00A0C91BC942}") = "OgreBites", "Components\Bites\OgreBites.vcxproj", "{CDCD0E37-B3C5-3161-9612-26AB10C20A2C}"
	ProjectSection(ProjectDependencies) = postProject
		{D4E82BF3-54F2-3703-8387-B2B7E87A8276} = {D4E82BF3-54F2-3703-8387-B2B7E87A8276}
		{DA990C45-33D5-3453-9BEC-AAB67CE00025} = {DA990C45-33D5-3453-9BEC-AAB67CE00025}
		{730C62C0-94A6-30ED-A0CF-C3754BF35FDB} = {730C62C0-94A6-30ED-A0CF-C3754BF35FDB}
	EndProjectSection
EndProject
Project("{8BC9CEB8-8B4A-11D0-8D11-00A0C91BC942}") = "OgreBullet", "Components\Bullet\OgreBullet.vcxproj", "{03429366-3BEC-3D16-A1BF-E3291552E237}"
	ProjectSection(ProjectDependencies) = postProject
		{D4E82BF3-54F2-3703-8387-B2B7E87A8276} = {D4E82BF3-54F2-3703-8387-B2B7E87A8276}
	EndProjectSection
EndProject
Project("{8BC9CEB8-8B4A-11D0-8D11-00A0C91BC942}") = "OgreGLSupport", "RenderSystems\GLSupport\OgreGLSupport.vcxproj", "{4C372670-A871-39DA-8F14-CA77333E2771}"
	ProjectSection(ProjectDependencies) = postProject
		{D4E82BF3-54F2-3703-8387-B2B7E87A8276} = {D4E82BF3-54F2-3703-8387-B2B7E87A8276}
	EndProjectSection
EndProject
Project("{8BC9CEB8-8B4A-11D0-8D11-00A0C91BC942}") = "OgreMain", "OgreMain\OgreMain.vcxproj", "{D4E82BF3-54F2-3703-8387-B2B7E87A8276}"
EndProject
Project("{8BC9CEB8-8B4A-11D0-8D11-00A0C91BC942}") = "OgreMeshLodGenerator", "Components\MeshLodGenerator\OgreMeshLodGenerator.vcxproj", "{2B73A698-D4A9-3C0C-89C1-0266ACB9E0F0}"
	ProjectSection(ProjectDependencies) = postProject
		{D4E82BF3-54F2-3703-8387-B2B7E87A8276} = {D4E82BF3-54F2-3703-8387-B2B7E87A8276}
	EndProjectSection
EndProject
Project("{8BC9CEB8-8B4A-11D0-8D11-00A0C91BC942}") = "OgreMeshUpgrader", "Tools\MeshUpgrader\OgreMeshUpgrader.vcxproj", "{B0DC186A-4A1D-3D82-936A-33DF83284A77}"
	ProjectSection(ProjectDependencies) = postProject
		{D4E82BF3-54F2-3703-8387-B2B7E87A8276} = {D4E82BF3-54F2-3703-8387-B2B7E87A8276}
		{2B73A698-D4A9-3C0C-89C1-0266ACB9E0F0} = {2B73A698-D4A9-3C0C-89C1-0266ACB9E0F0}
	EndProjectSection
EndProject
Project("{8BC9CEB8-8B4A-11D0-8D11-00A0C91BC942}") = "OgreOverlay", "Components\Overlay\OgreOverlay.vcxproj", "{DA990C45-33D5-3453-9BEC-AAB67CE00025}"
	ProjectSection(ProjectDependencies) = postProject
		{D4E82BF3-54F2-3703-8387-B2B7E87A8276} = {D4E82BF3-54F2-3703-8387-B2B7E87A8276}
	EndProjectSection
EndProject
Project("{8BC9CEB8-8B4A-11D0-8D11-00A0C91BC942}") = "OgrePaging", "Components\Paging\OgrePaging.vcxproj", "{B343C97D-0256-3ADB-8E68-89797DE991D1}"
	ProjectSection(ProjectDependencies) = postProject
		{D4E82BF3-54F2-3703-8387-B2B7E87A8276} = {D4E82BF3-54F2-3703-8387-B2B7E87A8276}
	EndProjectSection
EndProject
Project("{8BC9CEB8-8B4A-11D0-8D11-00A0C91BC942}") = "OgreProperty", "Components\Property\OgreProperty.vcxproj", "{5BD58DBF-0030-3B3B-AD39-D1D697F039AB}"
	ProjectSection(ProjectDependencies) = postProject
		{D4E82BF3-54F2-3703-8387-B2B7E87A8276} = {D4E82BF3-54F2-3703-8387-B2B7E87A8276}
	EndProjectSection
EndProject
Project("{8BC9CEB8-8B4A-11D0-8D11-00A0C91BC942}") = "OgreRTShaderSystem", "Components\RTShaderSystem\OgreRTShaderSystem.vcxproj", "{730C62C0-94A6-30ED-A0CF-C3754BF35FDB}"
	ProjectSection(ProjectDependencies) = postProject
		{D4E82BF3-54F2-3703-8387-B2B7E87A8276} = {D4E82BF3-54F2-3703-8387-B2B7E87A8276}
	EndProjectSection
EndProject
Project("{8BC9CEB8-8B4A-11D0-8D11-00A0C91BC942}") = "OgreTerrain", "Components\Terrain\OgreTerrain.vcxproj", "{10EC894E-59BA-3EF0-8E0C-C6E629AD25B5}"
	ProjectSection(ProjectDependencies) = postProject
		{D4E82BF3-54F2-3703-8387-B2B7E87A8276} = {D4E82BF3-54F2-3703-8387-B2B7E87A8276}
		{B343C97D-0256-3ADB-8E68-89797DE991D1} = {B343C97D-0256-3ADB-8E68-89797DE991D1}
		{730C62C0-94A6-30ED-A0CF-C3754BF35FDB} = {730C62C0-94A6-30ED-A0CF-C3754BF35FDB}
	EndProjectSection
EndProject
Project("{8BC9CEB8-8B4A-11D0-8D11-00A0C91BC942}") = "OgreVolume", "Components\Volume\OgreVolume.vcxproj", "{F5678B55-1901-3A55-9943-CC61A5A54264}"
	ProjectSection(ProjectDependencies) = postProject
		{D4E82BF3-54F2-3703-8387-B2B7E87A8276} = {D4E82BF3-54F2-3703-8387-B2B7E87A8276}
	EndProjectSection
EndProject
Project("{8BC9CEB8-8B4A-11D0-8D11-00A0C91BC942}") = "OgreXMLConverter", "Tools\XMLConverter\OgreXMLConverter.vcxproj", "{E05EA8A7-3314-31F1-AC4C-D6F87AA83F89}"
	ProjectSection(ProjectDependencies) = postProject
		{D4E82BF3-54F2-3703-8387-B2B7E87A8276} = {D4E82BF3-54F2-3703-8387-B2B7E87A8276}
	EndProjectSection
EndProject
Project("{8BC9CEB8-8B4A-11D0-8D11-00A0C91BC942}") = "PACKAGE", "PACKAGE.vcxproj", "{83E1AC0E-22D8-3EB1-BC9C-14E1D2B6A4C2}"
	ProjectSection(ProjectDependencies) = postProject
		{46AEE438-DD45-3D78-9384-71F906CD9B90} = {46AEE438-DD45-3D78-9384-71F906CD9B90}
	EndProjectSection
EndProject
Project("{8BC9CEB8-8B4A-11D0-8D11-00A0C91BC942}") = "Plugin_BSPSceneManager", "PlugIns\BSPSceneManager\Plugin_BSPSceneManager.vcxproj", "{194FDF11-DAC3-3D7D-9AB5-5EFBB7D3C9D5}"
	ProjectSection(ProjectDependencies) = postProject
		{D4E82BF3-54F2-3703-8387-B2B7E87A8276} = {D4E82BF3-54F2-3703-8387-B2B7E87A8276}
	EndProjectSection
EndProject
Project("{8BC9CEB8-8B4A-11D0-8D11-00A0C91BC942}") = "Plugin_DotScene", "PlugIns\DotScene\Plugin_DotScene.vcxproj", "{7BBBB103-4679-3371-97D8-E866C0CD6663}"
	ProjectSection(ProjectDependencies) = postProject
		{D4E82BF3-54F2-3703-8387-B2B7E87A8276} = {D4E82BF3-54F2-3703-8387-B2B7E87A8276}
		{B343C97D-0256-3ADB-8E68-89797DE991D1} = {B343C97D-0256-3ADB-8E68-89797DE991D1}
		{730C62C0-94A6-30ED-A0CF-C3754BF35FDB} = {730C62C0-94A6-30ED-A0CF-C3754BF35FDB}
		{10EC894E-59BA-3EF0-8E0C-C6E629AD25B5} = {10EC894E-59BA-3EF0-8E0C-C6E629AD25B5}
	EndProjectSection
EndProject
Project("{8BC9CEB8-8B4A-11D0-8D11-00A0C91BC942}") = "Plugin_OctreeSceneManager", "PlugIns\OctreeSceneManager\Plugin_OctreeSceneManager.vcxproj", "{6F794F3B-902B-33D1-813D-357D43600423}"
	ProjectSection(ProjectDependencies) = postProject
		{D4E82BF3-54F2-3703-8387-B2B7E87A8276} = {D4E82BF3-54F2-3703-8387-B2B7E87A8276}
	EndProjectSection
EndProject
Project("{8BC9CEB8-8B4A-11D0-8D11-00A0C91BC942}") = "Plugin_OctreeZone", "PlugIns\OctreeZone\Plugin_OctreeZone.vcxproj", "{5FD7ED43-7E9D-3171-B509-1821666E286F}"
	ProjectSection(ProjectDependencies) = postProject
		{D4E82BF3-54F2-3703-8387-B2B7E87A8276} = {D4E82BF3-54F2-3703-8387-B2B7E87A8276}
		{AED36110-67AF-37DC-860B-44809A0EB93E} = {AED36110-67AF-37DC-860B-44809A0EB93E}
	EndProjectSection
EndProject
Project("{8BC9CEB8-8B4A-11D0-8D11-00A0C91BC942}") = "Plugin_PCZSceneManager", "PlugIns\PCZSceneManager\Plugin_PCZSceneManager.vcxproj", "{AED36110-67AF-37DC-860B-44809A0EB93E}"
	ProjectSection(ProjectDependencies) = postProject
		{D4E82BF3-54F2-3703-8387-B2B7E87A8276} = {D4E82BF3-54F2-3703-8387-B2B7E87A8276}
	EndProjectSection
EndProject
Project("{8BC9CEB8-8B4A-11D0-8D11-00A0C91BC942}") = "Plugin_ParticleFX", "PlugIns\ParticleFX\Plugin_ParticleFX.vcxproj", "{C58D2299-DCE6-3F54-BC77-438178F17F3C}"
	ProjectSection(ProjectDependencies) = postProject
		{D4E82BF3-54F2-3703-8387-B2B7E87A8276} = {D4E82BF3-54F2-3703-8387-B2B7E87A8276}
	EndProjectSection
EndProject
Project("{8BC9CEB8-8B4A-11D0-8D11-00A0C91BC942}") = "RenderSystem_Direct3D11", "RenderSystems\Direct3D11\RenderSystem_Direct3D11.vcxproj", "{08E3AEB6-673B-3C33-9667-D48A538B07BD}"
	ProjectSection(ProjectDependencies) = postProject
		{D4E82BF3-54F2-3703-8387-B2B7E87A8276} = {D4E82BF3-54F2-3703-8387-B2B7E87A8276}
	EndProjectSection
EndProject
Project("{8BC9CEB8-8B4A-11D0-8D11-00A0C91BC942}") = "RenderSystem_Direct3D9", "RenderSystems\Direct3D9\RenderSystem_Direct3D9.vcxproj", "{9A72E3A8-0286-3309-9B12-318658344CA4}"
	ProjectSection(ProjectDependencies) = postProject
		{D4E82BF3-54F2-3703-8387-B2B7E87A8276} = {D4E82BF3-54F2-3703-8387-B2B7E87A8276}
	EndProjectSection
EndProject
Project("{8BC9CEB8-8B4A-11D0-8D11-00A0C91BC942}") = "RenderSystem_GL", "RenderSystems\GL\RenderSystem_GL.vcxproj", "{CD587598-A352-325F-8395-C669758C4597}"
	ProjectSection(ProjectDependencies) = postProject
		{4C372670-A871-39DA-8F14-CA77333E2771} = {4C372670-A871-39DA-8F14-CA77333E2771}
		{D4E82BF3-54F2-3703-8387-B2B7E87A8276} = {D4E82BF3-54F2-3703-8387-B2B7E87A8276}
	EndProjectSection
EndProject
Project("{8BC9CEB8-8B4A-11D0-8D11-00A0C91BC942}") = "RenderSystem_GL3Plus", "RenderSystems\GL3Plus\RenderSystem_GL3Plus.vcxproj", "{632F6D81-8A8A-3A1B-8E8C-BC66400494D0}"
	ProjectSection(ProjectDependencies) = postProject
		{4C372670-A871-39DA-8F14-CA77333E2771} = {4C372670-A871-39DA-8F14-CA77333E2771}
		{D4E82BF3-54F2-3703-8387-B2B7E87A8276} = {D4E82BF3-54F2-3703-8387-B2B7E87A8276}
	EndProjectSection
EndProject
Project("{8BC9CEB8-8B4A-11D0-8D11-00A0C91BC942}") = "RenderSystem_GLES2", "RenderSystems\GLES2\RenderSystem_GLES2.vcxproj", "{33213E80-CAC1-3890-BF76-2F05F6D6586F}"
	ProjectSection(ProjectDependencies) = postProject
		{4C372670-A871-39DA-8F14-CA77333E2771} = {4C372670-A871-39DA-8F14-CA77333E2771}
		{D4E82BF3-54F2-3703-8387-B2B7E87A8276} = {D4E82BF3-54F2-3703-8387-B2B7E87A8276}
	EndProjectSection
EndProject
Project("{8BC9CEB8-8B4A-11D0-8D11-00A0C91BC942}") = "SampleBrowser", "Samples\Browser\SampleBrowser.vcxproj", "{EE217E9E-7941-3D6C-9E84-167ED138D2AD}"
	ProjectSection(ProjectDependencies) = postProject
		{9C77F28D-098E-37C1-99EA-71FA0D00C5CE} = {9C77F28D-098E-37C1-99EA-71FA0D00C5CE}
		{CDCD0E37-B3C5-3161-9612-26AB10C20A2C} = {CDCD0E37-B3C5-3161-9612-26AB10C20A2C}
		{03429366-3BEC-3D16-A1BF-E3291552E237} = {03429366-3BEC-3D16-A1BF-E3291552E237}
		{D4E82BF3-54F2-3703-8387-B2B7E87A8276} = {D4E82BF3-54F2-3703-8387-B2B7E87A8276}
		{2B73A698-D4A9-3C0C-89C1-0266ACB9E0F0} = {2B73A698-D4A9-3C0C-89C1-0266ACB9E0F0}
		{DA990C45-33D5-3453-9BEC-AAB67CE00025} = {DA990C45-33D5-3453-9BEC-AAB67CE00025}
		{730C62C0-94A6-30ED-A0CF-C3754BF35FDB} = {730C62C0-94A6-30ED-A0CF-C3754BF35FDB}
		{10EC894E-59BA-3EF0-8E0C-C6E629AD25B5} = {10EC894E-59BA-3EF0-8E0C-C6E629AD25B5}
		{F5678B55-1901-3A55-9943-CC61A5A54264} = {F5678B55-1901-3A55-9943-CC61A5A54264}
	EndProjectSection
EndProject
Project("{8BC9CEB8-8B4A-11D0-8D11-00A0C91BC942}") = "VRMLConverter", "Tools\VRMLConverter\VRMLConverter.vcxproj", "{39932284-477B-3613-9DFC-7D1C8A053CD5}"
	ProjectSection(ProjectDependencies) = postProject
		{D4E82BF3-54F2-3703-8387-B2B7E87A8276} = {D4E82BF3-54F2-3703-8387-B2B7E87A8276}
	EndProjectSection
EndProject
Project("{8BC9CEB8-8B4A-11D0-8D11-00A0C91BC942}") = "FirstScene", "Samples\FirstScene\FirstScene.vcxproj", "{F25BFD38-A44D-4FF8-BBC2-AF87445F2F93}"
EndProject
Global
	GlobalSection(SolutionConfigurationPlatforms) = preSolution
		Debug|x64 = Debug|x64
		Debug|x86 = Debug|x86
		MinSizeRel|x64 = MinSizeRel|x64
		MinSizeRel|x86 = MinSizeRel|x86
		Release|x64 = Release|x64
		Release|x86 = Release|x86
		RelWithDebInfo|x64 = RelWithDebInfo|x64
		RelWithDebInfo|x86 = RelWithDebInfo|x86
	EndGlobalSection
	GlobalSection(ProjectConfigurationPlatforms) = postSolution
		{46AEE438-DD45-3D78-9384-71F906CD9B90}.Debug|x64.ActiveCfg = Debug|x64
		{46AEE438-DD45-3D78-9384-71F906CD9B90}.Debug|x64.Build.0 = Debug|x64
		{46AEE438-DD45-3D78-9384-71F906CD9B90}.Debug|x86.ActiveCfg = Debug|x64
		{46AEE438-DD45-3D78-9384-71F906CD9B90}.MinSizeRel|x64.ActiveCfg = MinSizeRel|x64
		{46AEE438-DD45-3D78-9384-71F906CD9B90}.MinSizeRel|x64.Build.0 = MinSizeRel|x64
		{46AEE438-DD45-3D78-9384-71F906CD9B90}.MinSizeRel|x86.ActiveCfg = MinSizeRel|x64
		{46AEE438-DD45-3D78-9384-71F906CD9B90}.Release|x64.ActiveCfg = Release|x64
		{46AEE438-DD45-3D78-9384-71F906CD9B90}.Release|x64.Build.0 = Release|x64
		{46AEE438-DD45-3D78-9384-71F906CD9B90}.Release|x86.ActiveCfg = Release|x64
		{46AEE438-DD45-3D78-9384-71F906CD9B90}.RelWithDebInfo|x64.ActiveCfg = RelWithDebInfo|x64
		{46AEE438-DD45-3D78-9384-71F906CD9B90}.RelWithDebInfo|x64.Build.0 = RelWithDebInfo|x64
		{46AEE438-DD45-3D78-9384-71F906CD9B90}.RelWithDebInfo|x86.ActiveCfg = RelWithDebInfo|x64
		{2BBC0708-5D24-3AA2-9C07-4D2B55192292}.Debug|x64.ActiveCfg = Debug|x64
		{2BBC0708-5D24-3AA2-9C07-4D2B55192292}.Debug|x64.Build.0 = Debug|x64
		{2BBC0708-5D24-3AA2-9C07-4D2B55192292}.Debug|x86.ActiveCfg = Debug|x64
		{2BBC0708-5D24-3AA2-9C07-4D2B55192292}.MinSizeRel|x64.ActiveCfg = MinSizeRel|x64
		{2BBC0708-5D24-3AA2-9C07-4D2B55192292}.MinSizeRel|x64.Build.0 = MinSizeRel|x64
		{2BBC0708-5D24-3AA2-9C07-4D2B55192292}.MinSizeRel|x86.ActiveCfg = MinSizeRel|x64
		{2BBC0708-5D24-3AA2-9C07-4D2B55192292}.Release|x64.ActiveCfg = Release|x64
		{2BBC0708-5D24-3AA2-9C07-4D2B55192292}.Release|x64.Build.0 = Release|x64
		{2BBC0708-5D24-3AA2-9C07-4D2B55192292}.Release|x86.ActiveCfg = Release|x64
		{2BBC0708-5D24-3AA2-9C07-4D2B55192292}.RelWithDebInfo|x64.ActiveCfg = RelWithDebInfo|x64
		{2BBC0708-5D24-3AA2-9C07-4D2B55192292}.RelWithDebInfo|x64.Build.0 = RelWithDebInfo|x64
		{2BBC0708-5D24-3AA2-9C07-4D2B55192292}.RelWithDebInfo|x86.ActiveCfg = RelWithDebInfo|x64
		{9C77F28D-098E-37C1-99EA-71FA0D00C5CE}.Debug|x64.ActiveCfg = Debug|x64
		{9C77F28D-098E-37C1-99EA-71FA0D00C5CE}.Debug|x64.Build.0 = Debug|x64
		{9C77F28D-098E-37C1-99EA-71FA0D00C5CE}.Debug|x86.ActiveCfg = Debug|x64
		{9C77F28D-098E-37C1-99EA-71FA0D00C5CE}.MinSizeRel|x64.ActiveCfg = MinSizeRel|x64
		{9C77F28D-098E-37C1-99EA-71FA0D00C5CE}.MinSizeRel|x64.Build.0 = MinSizeRel|x64
		{9C77F28D-098E-37C1-99EA-71FA0D00C5CE}.MinSizeRel|x86.ActiveCfg = MinSizeRel|x64
		{9C77F28D-098E-37C1-99EA-71FA0D00C5CE}.Release|x64.ActiveCfg = Release|x64
		{9C77F28D-098E-37C1-99EA-71FA0D00C5CE}.Release|x64.Build.0 = Release|x64
		{9C77F28D-098E-37C1-99EA-71FA0D00C5CE}.Release|x86.ActiveCfg = Release|x64
		{9C77F28D-098E-37C1-99EA-71FA0D00C5CE}.RelWithDebInfo|x64.ActiveCfg = RelWithDebInfo|x64
		{9C77F28D-098E-37C1-99EA-71FA0D00C5CE}.RelWithDebInfo|x64.Build.0 = RelWithDebInfo|x64
		{9C77F28D-098E-37C1-99EA-71FA0D00C5CE}.RelWithDebInfo|x86.ActiveCfg = RelWithDebInfo|x64
		{35F8D913-89CB-37C1-A689-ABEDDF4AEFB2}.Debug|x64.ActiveCfg = Debug|x64
		{35F8D913-89CB-37C1-A689-ABEDDF4AEFB2}.Debug|x86.ActiveCfg = Debug|x64
		{35F8D913-89CB-37C1-A689-ABEDDF4AEFB2}.MinSizeRel|x64.ActiveCfg = MinSizeRel|x64
		{35F8D913-89CB-37C1-A689-ABEDDF4AEFB2}.MinSizeRel|x86.ActiveCfg = MinSizeRel|x64
		{35F8D913-89CB-37C1-A689-ABEDDF4AEFB2}.Release|x64.ActiveCfg = Release|x64
		{35F8D913-89CB-37C1-A689-ABEDDF4AEFB2}.Release|x86.ActiveCfg = Release|x64
		{35F8D913-89CB-37C1-A689-ABEDDF4AEFB2}.RelWithDebInfo|x64.ActiveCfg = RelWithDebInfo|x64
		{35F8D913-89CB-37C1-A689-ABEDDF4AEFB2}.RelWithDebInfo|x86.ActiveCfg = RelWithDebInfo|x64
		{CDCD0E37-B3C5-3161-9612-26AB10C20A2C}.Debug|x64.ActiveCfg = Debug|x64
		{CDCD0E37-B3C5-3161-9612-26AB10C20A2C}.Debug|x64.Build.0 = Debug|x64
		{CDCD0E37-B3C5-3161-9612-26AB10C20A2C}.Debug|x86.ActiveCfg = Debug|x64
		{CDCD0E37-B3C5-3161-9612-26AB10C20A2C}.MinSizeRel|x64.ActiveCfg = MinSizeRel|x64
		{CDCD0E37-B3C5-3161-9612-26AB10C20A2C}.MinSizeRel|x64.Build.0 = MinSizeRel|x64
		{CDCD0E37-B3C5-3161-9612-26AB10C20A2C}.MinSizeRel|x86.ActiveCfg = MinSizeRel|x64
		{CDCD0E37-B3C5-3161-9612-26AB10C20A2C}.Release|x64.ActiveCfg = Release|x64
		{CDCD0E37-B3C5-3161-9612-26AB10C20A2C}.Release|x64.Build.0 = Release|x64
		{CDCD0E37-B3C5-3161-9612-26AB10C20A2C}.Release|x86.ActiveCfg = Release|x64
		{CDCD0E37-B3C5-3161-9612-26AB10C20A2C}.RelWithDebInfo|x64.ActiveCfg = RelWithDebInfo|x64
		{CDCD0E37-B3C5-3161-9612-26AB10C20A2C}.RelWithDebInfo|x64.Build.0 = RelWithDebInfo|x64
		{CDCD0E37-B3C5-3161-9612-26AB10C20A2C}.RelWithDebInfo|x86.ActiveCfg = RelWithDebInfo|x64
		{03429366-3BEC-3D16-A1BF-E3291552E237}.Debug|x64.ActiveCfg = Debug|x64
		{03429366-3BEC-3D16-A1BF-E3291552E237}.Debug|x64.Build.0 = Debug|x64
		{03429366-3BEC-3D16-A1BF-E3291552E237}.Debug|x86.ActiveCfg = Debug|x64
		{03429366-3BEC-3D16-A1BF-E3291552E237}.MinSizeRel|x64.ActiveCfg = MinSizeRel|x64
		{03429366-3BEC-3D16-A1BF-E3291552E237}.MinSizeRel|x64.Build.0 = MinSizeRel|x64
		{03429366-3BEC-3D16-A1BF-E3291552E237}.MinSizeRel|x86.ActiveCfg = MinSizeRel|x64
		{03429366-3BEC-3D16-A1BF-E3291552E237}.Release|x64.ActiveCfg = Release|x64
		{03429366-3BEC-3D16-A1BF-E3291552E237}.Release|x64.Build.0 = Release|x64
		{03429366-3BEC-3D16-A1BF-E3291552E237}.Release|x86.ActiveCfg = Release|x64
		{03429366-3BEC-3D16-A1BF-E3291552E237}.RelWithDebInfo|x64.ActiveCfg = RelWithDebInfo|x64
		{03429366-3BEC-3D16-A1BF-E3291552E237}.RelWithDebInfo|x64.Build.0 = RelWithDebInfo|x64
		{03429366-3BEC-3D16-A1BF-E3291552E237}.RelWithDebInfo|x86.ActiveCfg = RelWithDebInfo|x64
		{4C372670-A871-39DA-8F14-CA77333E2771}.Debug|x64.ActiveCfg = Debug|x64
		{4C372670-A871-39DA-8F14-CA77333E2771}.Debug|x64.Build.0 = Debug|x64
		{4C372670-A871-39DA-8F14-CA77333E2771}.Debug|x86.ActiveCfg = Debug|x64
		{4C372670-A871-39DA-8F14-CA77333E2771}.MinSizeRel|x64.ActiveCfg = MinSizeRel|x64
		{4C372670-A871-39DA-8F14-CA77333E2771}.MinSizeRel|x64.Build.0 = MinSizeRel|x64
		{4C372670-A871-39DA-8F14-CA77333E2771}.MinSizeRel|x86.ActiveCfg = MinSizeRel|x64
		{4C372670-A871-39DA-8F14-CA77333E2771}.Release|x64.ActiveCfg = Release|x64
		{4C372670-A871-39DA-8F14-CA77333E2771}.Release|x64.Build.0 = Release|x64
		{4C372670-A871-39DA-8F14-CA77333E2771}.Release|x86.ActiveCfg = Release|x64
		{4C372670-A871-39DA-8F14-CA77333E2771}.RelWithDebInfo|x64.ActiveCfg = RelWithDebInfo|x64
		{4C372670-A871-39DA-8F14-CA77333E2771}.RelWithDebInfo|x64.Build.0 = RelWithDebInfo|x64
		{4C372670-A871-39DA-8F14-CA77333E2771}.RelWithDebInfo|x86.ActiveCfg = RelWithDebInfo|x64
		{D4E82BF3-54F2-3703-8387-B2B7E87A8276}.Debug|x64.ActiveCfg = Debug|x64
		{D4E82BF3-54F2-3703-8387-B2B7E87A8276}.Debug|x64.Build.0 = Debug|x64
		{D4E82BF3-54F2-3703-8387-B2B7E87A8276}.Debug|x86.ActiveCfg = Debug|x64
		{D4E82BF3-54F2-3703-8387-B2B7E87A8276}.MinSizeRel|x64.ActiveCfg = MinSizeRel|x64
		{D4E82BF3-54F2-3703-8387-B2B7E87A8276}.MinSizeRel|x64.Build.0 = MinSizeRel|x64
		{D4E82BF3-54F2-3703-8387-B2B7E87A8276}.MinSizeRel|x86.ActiveCfg = MinSizeRel|x64
		{D4E82BF3-54F2-3703-8387-B2B7E87A8276}.Release|x64.ActiveCfg = Release|x64
		{D4E82BF3-54F2-3703-8387-B2B7E87A8276}.Release|x64.Build.0 = Release|x64
		{D4E82BF3-54F2-3703-8387-B2B7E87A8276}.Release|x86.ActiveCfg = Release|x64
		{D4E82BF3-54F2-3703-8387-B2B7E87A8276}.RelWithDebInfo|x64.ActiveCfg = RelWithDebInfo|x64
		{D4E82BF3-54F2-3703-8387-B2B7E87A8276}.RelWithDebInfo|x64.Build.0 = RelWithDebInfo|x64
		{D4E82BF3-54F2-3703-8387-B2B7E87A8276}.RelWithDebInfo|x86.ActiveCfg = RelWithDebInfo|x64
		{2B73A698-D4A9-3C0C-89C1-0266ACB9E0F0}.Debug|x64.ActiveCfg = Debug|x64
		{2B73A698-D4A9-3C0C-89C1-0266ACB9E0F0}.Debug|x64.Build.0 = Debug|x64
		{2B73A698-D4A9-3C0C-89C1-0266ACB9E0F0}.Debug|x86.ActiveCfg = Debug|x64
		{2B73A698-D4A9-3C0C-89C1-0266ACB9E0F0}.MinSizeRel|x64.ActiveCfg = MinSizeRel|x64
		{2B73A698-D4A9-3C0C-89C1-0266ACB9E0F0}.MinSizeRel|x64.Build.0 = MinSizeRel|x64
		{2B73A698-D4A9-3C0C-89C1-0266ACB9E0F0}.MinSizeRel|x86.ActiveCfg = MinSizeRel|x64
		{2B73A698-D4A9-3C0C-89C1-0266ACB9E0F0}.Release|x64.ActiveCfg = Release|x64
		{2B73A698-D4A9-3C0C-89C1-0266ACB9E0F0}.Release|x64.Build.0 = Release|x64
		{2B73A698-D4A9-3C0C-89C1-0266ACB9E0F0}.Release|x86.ActiveCfg = Release|x64
		{2B73A698-D4A9-3C0C-89C1-0266ACB9E0F0}.RelWithDebInfo|x64.ActiveCfg = RelWithDebInfo|x64
		{2B73A698-D4A9-3C0C-89C1-0266ACB9E0F0}.RelWithDebInfo|x64.Build.0 = RelWithDebInfo|x64
		{2B73A698-D4A9-3C0C-89C1-0266ACB9E0F0}.RelWithDebInfo|x86.ActiveCfg = RelWithDebInfo|x64
		{B0DC186A-4A1D-3D82-936A-33DF83284A77}.Debug|x64.ActiveCfg = Debug|x64
		{B0DC186A-4A1D-3D82-936A-33DF83284A77}.Debug|x64.Build.0 = Debug|x64
		{B0DC186A-4A1D-3D82-936A-33DF83284A77}.Debug|x86.ActiveCfg = Debug|x64
		{B0DC186A-4A1D-3D82-936A-33DF83284A77}.MinSizeRel|x64.ActiveCfg = MinSizeRel|x64
		{B0DC186A-4A1D-3D82-936A-33DF83284A77}.MinSizeRel|x64.Build.0 = MinSizeRel|x64
		{B0DC186A-4A1D-3D82-936A-33DF83284A77}.MinSizeRel|x86.ActiveCfg = MinSizeRel|x64
		{B0DC186A-4A1D-3D82-936A-33DF83284A77}.Release|x64.ActiveCfg = Release|x64
		{B0DC186A-4A1D-3D82-936A-33DF83284A77}.Release|x64.Build.0 = Release|x64
		{B0DC186A-4A1D-3D82-936A-33DF83284A77}.Release|x86.ActiveCfg = Release|x64
		{B0DC186A-4A1D-3D82-936A-33DF83284A77}.RelWithDebInfo|x64.ActiveCfg = RelWithDebInfo|x64
		{B0DC186A-4A1D-3D82-936A-33DF83284A77}.RelWithDebInfo|x64.Build.0 = RelWithDebInfo|x64
		{B0DC186A-4A1D-3D82-936A-33DF83284A77}.RelWithDebInfo|x86.ActiveCfg = RelWithDebInfo|x64
		{DA990C45-33D5-3453-9BEC-AAB67CE00025}.Debug|x64.ActiveCfg = Debug|x64
		{DA990C45-33D5-3453-9BEC-AAB67CE00025}.Debug|x64.Build.0 = Debug|x64
		{DA990C45-33D5-3453-9BEC-AAB67CE00025}.Debug|x86.ActiveCfg = Debug|x64
		{DA990C45-33D5-3453-9BEC-AAB67CE00025}.MinSizeRel|x64.ActiveCfg = MinSizeRel|x64
		{DA990C45-33D5-3453-9BEC-AAB67CE00025}.MinSizeRel|x64.Build.0 = MinSizeRel|x64
		{DA990C45-33D5-3453-9BEC-AAB67CE00025}.MinSizeRel|x86.ActiveCfg = MinSizeRel|x64
		{DA990C45-33D5-3453-9BEC-AAB67CE00025}.Release|x64.ActiveCfg = Release|x64
		{DA990C45-33D5-3453-9BEC-AAB67CE00025}.Release|x64.Build.0 = Release|x64
		{DA990C45-33D5-3453-9BEC-AAB67CE00025}.Release|x86.ActiveCfg = Release|x64
		{DA990C45-33D5-3453-9BEC-AAB67CE00025}.RelWithDebInfo|x64.ActiveCfg = RelWithDebInfo|x64
		{DA990C45-33D5-3453-9BEC-AAB67CE00025}.RelWithDebInfo|x64.Build.0 = RelWithDebInfo|x64
		{DA990C45-33D5-3453-9BEC-AAB67CE00025}.RelWithDebInfo|x86.ActiveCfg = RelWithDebInfo|x64
		{B343C97D-0256-3ADB-8E68-89797DE991D1}.Debug|x64.ActiveCfg = Debug|x64
		{B343C97D-0256-3ADB-8E68-89797DE991D1}.Debug|x64.Build.0 = Debug|x64
		{B343C97D-0256-3ADB-8E68-89797DE991D1}.Debug|x86.ActiveCfg = Debug|x64
		{B343C97D-0256-3ADB-8E68-89797DE991D1}.MinSizeRel|x64.ActiveCfg = MinSizeRel|x64
		{B343C97D-0256-3ADB-8E68-89797DE991D1}.MinSizeRel|x64.Build.0 = MinSizeRel|x64
		{B343C97D-0256-3ADB-8E68-89797DE991D1}.MinSizeRel|x86.ActiveCfg = MinSizeRel|x64
		{B343C97D-0256-3ADB-8E68-89797DE991D1}.Release|x64.ActiveCfg = Release|x64
		{B343C97D-0256-3ADB-8E68-89797DE991D1}.Release|x64.Build.0 = Release|x64
		{B343C97D-0256-3ADB-8E68-89797DE991D1}.Release|x86.ActiveCfg = Release|x64
		{B343C97D-0256-3ADB-8E68-89797DE991D1}.RelWithDebInfo|x64.ActiveCfg = RelWithDebInfo|x64
		{B343C97D-0256-3ADB-8E68-89797DE991D1}.RelWithDebInfo|x64.Build.0 = RelWithDebInfo|x64
		{B343C97D-0256-3ADB-8E68-89797DE991D1}.RelWithDebInfo|x86.ActiveCfg = RelWithDebInfo|x64
		{5BD58DBF-0030-3B3B-AD39-D1D697F039AB}.Debug|x64.ActiveCfg = Debug|x64
		{5BD58DBF-0030-3B3B-AD39-D1D697F039AB}.Debug|x64.Build.0 = Debug|x64
		{5BD58DBF-0030-3B3B-AD39-D1D697F039AB}.Debug|x86.ActiveCfg = Debug|x64
		{5BD58DBF-0030-3B3B-AD39-D1D697F039AB}.MinSizeRel|x64.ActiveCfg = MinSizeRel|x64
		{5BD58DBF-0030-3B3B-AD39-D1D697F039AB}.MinSizeRel|x64.Build.0 = MinSizeRel|x64
		{5BD58DBF-0030-3B3B-AD39-D1D697F039AB}.MinSizeRel|x86.ActiveCfg = MinSizeRel|x64
		{5BD58DBF-0030-3B3B-AD39-D1D697F039AB}.Release|x64.ActiveCfg = Release|x64
		{5BD58DBF-0030-3B3B-AD39-D1D697F039AB}.Release|x64.Build.0 = Release|x64
		{5BD58DBF-0030-3B3B-AD39-D1D697F039AB}.Release|x86.ActiveCfg = Release|x64
		{5BD58DBF-0030-3B3B-AD39-D1D697F039AB}.RelWithDebInfo|x64.ActiveCfg = RelWithDebInfo|x64
		{5BD58DBF-0030-3B3B-AD39-D1D697F039AB}.RelWithDebInfo|x64.Build.0 = RelWithDebInfo|x64
		{5BD58DBF-0030-3B3B-AD39-D1D697F039AB}.RelWithDebInfo|x86.ActiveCfg = RelWithDebInfo|x64
		{730C62C0-94A6-30ED-A0CF-C3754BF35FDB}.Debug|x64.ActiveCfg = Debug|x64
		{730C62C0-94A6-30ED-A0CF-C3754BF35FDB}.Debug|x64.Build.0 = Debug|x64
		{730C62C0-94A6-30ED-A0CF-C3754BF35FDB}.Debug|x86.ActiveCfg = Debug|x64
		{730C62C0-94A6-30ED-A0CF-C3754BF35FDB}.MinSizeRel|x64.ActiveCfg = MinSizeRel|x64
		{730C62C0-94A6-30ED-A0CF-C3754BF35FDB}.MinSizeRel|x64.Build.0 = MinSizeRel|x64
		{730C62C0-94A6-30ED-A0CF-C3754BF35FDB}.MinSizeRel|x86.ActiveCfg = MinSizeRel|x64
		{730C62C0-94A6-30ED-A0CF-C3754BF35FDB}.Release|x64.ActiveCfg = Release|x64
		{730C62C0-94A6-30ED-A0CF-C3754BF35FDB}.Release|x64.Build.0 = Release|x64
		{730C62C0-94A6-30ED-A0CF-C3754BF35FDB}.Release|x86.ActiveCfg = Release|x64
		{730C62C0-94A6-30ED-A0CF-C3754BF35FDB}.RelWithDebInfo|x64.ActiveCfg = RelWithDebInfo|x64
		{730C62C0-94A6-30ED-A0CF-C3754BF35FDB}.RelWithDebInfo|x64.Build.0 = RelWithDebInfo|x64
		{730C62C0-94A6-30ED-A0CF-C3754BF35FDB}.RelWithDebInfo|x86.ActiveCfg = RelWithDebInfo|x64
		{10EC894E-59BA-3EF0-8E0C-C6E629AD25B5}.Debug|x64.ActiveCfg = Debug|x64
		{10EC894E-59BA-3EF0-8E0C-C6E629AD25B5}.Debug|x64.Build.0 = Debug|x64
		{10EC894E-59BA-3EF0-8E0C-C6E629AD25B5}.Debug|x86.ActiveCfg = Debug|x64
		{10EC894E-59BA-3EF0-8E0C-C6E629AD25B5}.MinSizeRel|x64.ActiveCfg = MinSizeRel|x64
		{10EC894E-59BA-3EF0-8E0C-C6E629AD25B5}.MinSizeRel|x64.Build.0 = MinSizeRel|x64
		{10EC894E-59BA-3EF0-8E0C-C6E629AD25B5}.MinSizeRel|x86.ActiveCfg = MinSizeRel|x64
		{10EC894E-59BA-3EF0-8E0C-C6E629AD25B5}.Release|x64.ActiveCfg = Release|x64
		{10EC894E-59BA-3EF0-8E0C-C6E629AD25B5}.Release|x64.Build.0 = Release|x64
		{10EC894E-59BA-3EF0-8E0C-C6E629AD25B5}.Release|x86.ActiveCfg = Release|x64
		{10EC894E-59BA-3EF0-8E0C-C6E629AD25B5}.RelWithDebInfo|x64.ActiveCfg = RelWithDebInfo|x64
		{10EC894E-59BA-3EF0-8E0C-C6E629AD25B5}.RelWithDebInfo|x64.Build.0 = RelWithDebInfo|x64
		{10EC894E-59BA-3EF0-8E0C-C6E629AD25B5}.RelWithDebInfo|x86.ActiveCfg = RelWithDebInfo|x64
		{F5678B55-1901-3A55-9943-CC61A5A54264}.Debug|x64.ActiveCfg = Debug|x64
		{F5678B55-1901-3A55-9943-CC61A5A54264}.Debug|x64.Build.0 = Debug|x64
		{F5678B55-1901-3A55-9943-CC61A5A54264}.Debug|x86.ActiveCfg = Debug|x64
		{F5678B55-1901-3A55-9943-CC61A5A54264}.MinSizeRel|x64.ActiveCfg = MinSizeRel|x64
		{F5678B55-1901-3A55-9943-CC61A5A54264}.MinSizeRel|x64.Build.0 = MinSizeRel|x64
		{F5678B55-1901-3A55-9943-CC61A5A54264}.MinSizeRel|x86.ActiveCfg = MinSizeRel|x64
		{F5678B55-1901-3A55-9943-CC61A5A54264}.Release|x64.ActiveCfg = Release|x64
		{F5678B55-1901-3A55-9943-CC61A5A54264}.Release|x64.Build.0 = Release|x64
		{F5678B55-1901-3A55-9943-CC61A5A54264}.Release|x86.ActiveCfg = Release|x64
		{F5678B55-1901-3A55-9943-CC61A5A54264}.RelWithDebInfo|x64.ActiveCfg = RelWithDebInfo|x64
		{F5678B55-1901-3A55-9943-CC61A5A54264}.RelWithDebInfo|x64.Build.0 = RelWithDebInfo|x64
		{F5678B55-1901-3A55-9943-CC61A5A54264}.RelWithDebInfo|x86.ActiveCfg = RelWithDebInfo|x64
		{E05EA8A7-3314-31F1-AC4C-D6F87AA83F89}.Debug|x64.ActiveCfg = Debug|x64
		{E05EA8A7-3314-31F1-AC4C-D6F87AA83F89}.Debug|x64.Build.0 = Debug|x64
		{E05EA8A7-3314-31F1-AC4C-D6F87AA83F89}.Debug|x86.ActiveCfg = Debug|x64
		{E05EA8A7-3314-31F1-AC4C-D6F87AA83F89}.MinSizeRel|x64.ActiveCfg = MinSizeRel|x64
		{E05EA8A7-3314-31F1-AC4C-D6F87AA83F89}.MinSizeRel|x64.Build.0 = MinSizeRel|x64
		{E05EA8A7-3314-31F1-AC4C-D6F87AA83F89}.MinSizeRel|x86.ActiveCfg = MinSizeRel|x64
		{E05EA8A7-3314-31F1-AC4C-D6F87AA83F89}.Release|x64.ActiveCfg = Release|x64
		{E05EA8A7-3314-31F1-AC4C-D6F87AA83F89}.Release|x64.Build.0 = Release|x64
		{E05EA8A7-3314-31F1-AC4C-D6F87AA83F89}.Release|x86.ActiveCfg = Release|x64
		{E05EA8A7-3314-31F1-AC4C-D6F87AA83F89}.RelWithDebInfo|x64.ActiveCfg = RelWithDebInfo|x64
		{E05EA8A7-3314-31F1-AC4C-D6F87AA83F89}.RelWithDebInfo|x64.Build.0 = RelWithDebInfo|x64
		{E05EA8A7-3314-31F1-AC4C-D6F87AA83F89}.RelWithDebInfo|x86.ActiveCfg = RelWithDebInfo|x64
		{83E1AC0E-22D8-3EB1-BC9C-14E1D2B6A4C2}.Debug|x64.ActiveCfg = Debug|x64
		{83E1AC0E-22D8-3EB1-BC9C-14E1D2B6A4C2}.Debug|x86.ActiveCfg = Debug|x64
		{83E1AC0E-22D8-3EB1-BC9C-14E1D2B6A4C2}.MinSizeRel|x64.ActiveCfg = MinSizeRel|x64
		{83E1AC0E-22D8-3EB1-BC9C-14E1D2B6A4C2}.MinSizeRel|x86.ActiveCfg = MinSizeRel|x64
		{83E1AC0E-22D8-3EB1-BC9C-14E1D2B6A4C2}.Release|x64.ActiveCfg = Release|x64
		{83E1AC0E-22D8-3EB1-BC9C-14E1D2B6A4C2}.Release|x86.ActiveCfg = Release|x64
		{83E1AC0E-22D8-3EB1-BC9C-14E1D2B6A4C2}.RelWithDebInfo|x64.ActiveCfg = RelWithDebInfo|x64
		{83E1AC0E-22D8-3EB1-BC9C-14E1D2B6A4C2}.RelWithDebInfo|x86.ActiveCfg = RelWithDebInfo|x64
		{194FDF11-DAC3-3D7D-9AB5-5EFBB7D3C9D5}.Debug|x64.ActiveCfg = Debug|x64
		{194FDF11-DAC3-3D7D-9AB5-5EFBB7D3C9D5}.Debug|x64.Build.0 = Debug|x64
		{194FDF11-DAC3-3D7D-9AB5-5EFBB7D3C9D5}.Debug|x86.ActiveCfg = Debug|x64
		{194FDF11-DAC3-3D7D-9AB5-5EFBB7D3C9D5}.MinSizeRel|x64.ActiveCfg = MinSizeRel|x64
		{194FDF11-DAC3-3D7D-9AB5-5EFBB7D3C9D5}.MinSizeRel|x64.Build.0 = MinSizeRel|x64
		{194FDF11-DAC3-3D7D-9AB5-5EFBB7D3C9D5}.MinSizeRel|x86.ActiveCfg = MinSizeRel|x64
		{194FDF11-DAC3-3D7D-9AB5-5EFBB7D3C9D5}.Release|x64.ActiveCfg = Release|x64
		{194FDF11-DAC3-3D7D-9AB5-5EFBB7D3C9D5}.Release|x64.Build.0 = Release|x64
		{194FDF11-DAC3-3D7D-9AB5-5EFBB7D3C9D5}.Release|x86.ActiveCfg = Release|x64
		{194FDF11-DAC3-3D7D-9AB5-5EFBB7D3C9D5}.RelWithDebInfo|x64.ActiveCfg = RelWithDebInfo|x64
		{194FDF11-DAC3-3D7D-9AB5-5EFBB7D3C9D5}.RelWithDebInfo|x64.Build.0 = RelWithDebInfo|x64
		{194FDF11-DAC3-3D7D-9AB5-5EFBB7D3C9D5}.RelWithDebInfo|x86.ActiveCfg = RelWithDebInfo|x64
		{7BBBB103-4679-3371-97D8-E866C0CD6663}.Debug|x64.ActiveCfg = Debug|x64
		{7BBBB103-4679-3371-97D8-E866C0CD6663}.Debug|x64.Build.0 = Debug|x64
		{7BBBB103-4679-3371-97D8-E866C0CD6663}.Debug|x86.ActiveCfg = Debug|x64
		{7BBBB103-4679-3371-97D8-E866C0CD6663}.MinSizeRel|x64.ActiveCfg = MinSizeRel|x64
		{7BBBB103-4679-3371-97D8-E866C0CD6663}.MinSizeRel|x64.Build.0 = MinSizeRel|x64
		{7BBBB103-4679-3371-97D8-E866C0CD6663}.MinSizeRel|x86.ActiveCfg = MinSizeRel|x64
		{7BBBB103-4679-3371-97D8-E866C0CD6663}.Release|x64.ActiveCfg = Release|x64
		{7BBBB103-4679-3371-97D8-E866C0CD6663}.Release|x64.Build.0 = Release|x64
		{7BBBB103-4679-3371-97D8-E866C0CD6663}.Release|x86.ActiveCfg = Release|x64
		{7BBBB103-4679-3371-97D8-E866C0CD6663}.RelWithDebInfo|x64.ActiveCfg = RelWithDebInfo|x64
		{7BBBB103-4679-3371-97D8-E866C0CD6663}.RelWithDebInfo|x64.Build.0 = RelWithDebInfo|x64
		{7BBBB103-4679-3371-97D8-E866C0CD6663}.RelWithDebInfo|x86.ActiveCfg = RelWithDebInfo|x64
		{6F794F3B-902B-33D1-813D-357D43600423}.Debug|x64.ActiveCfg = Debug|x64
		{6F794F3B-902B-33D1-813D-357D43600423}.Debug|x64.Build.0 = Debug|x64
		{6F794F3B-902B-33D1-813D-357D43600423}.Debug|x86.ActiveCfg = Debug|x64
		{6F794F3B-902B-33D1-813D-357D43600423}.MinSizeRel|x64.ActiveCfg = MinSizeRel|x64
		{6F794F3B-902B-33D1-813D-357D43600423}.MinSizeRel|x64.Build.0 = MinSizeRel|x64
		{6F794F3B-902B-33D1-813D-357D43600423}.MinSizeRel|x86.ActiveCfg = MinSizeRel|x64
		{6F794F3B-902B-33D1-813D-357D43600423}.Release|x64.ActiveCfg = Release|x64
		{6F794F3B-902B-33D1-813D-357D43600423}.Release|x64.Build.0 = Release|x64
		{6F794F3B-902B-33D1-813D-357D43600423}.Release|x86.ActiveCfg = Release|x64
		{6F794F3B-902B-33D1-813D-357D43600423}.RelWithDebInfo|x64.ActiveCfg = RelWithDebInfo|x64
		{6F794F3B-902B-33D1-813D-357D43600423}.RelWithDebInfo|x64.Build.0 = RelWithDebInfo|x64
		{6F794F3B-902B-33D1-813D-357D43600423}.RelWithDebInfo|x86.ActiveCfg = RelWithDebInfo|x64
		{5FD7ED43-7E9D-3171-B509-1821666E286F}.Debug|x64.ActiveCfg = Debug|x64
		{5FD7ED43-7E9D-3171-B509-1821666E286F}.Debug|x64.Build.0 = Debug|x64
		{5FD7ED43-7E9D-3171-B509-1821666E286F}.Debug|x86.ActiveCfg = Debug|x64
		{5FD7ED43-7E9D-3171-B509-1821666E286F}.MinSizeRel|x64.ActiveCfg = MinSizeRel|x64
		{5FD7ED43-7E9D-3171-B509-1821666E286F}.MinSizeRel|x64.Build.0 = MinSizeRel|x64
		{5FD7ED43-7E9D-3171-B509-1821666E286F}.MinSizeRel|x86.ActiveCfg = MinSizeRel|x64
		{5FD7ED43-7E9D-3171-B509-1821666E286F}.Release|x64.ActiveCfg = Release|x64
		{5FD7ED43-7E9D-3171-B509-1821666E286F}.Release|x64.Build.0 = Release|x64
		{5FD7ED43-7E9D-3171-B509-1821666E286F}.Release|x86.ActiveCfg = Release|x64
		{5FD7ED43-7E9D-3171-B509-1821666E286F}.RelWithDebInfo|x64.ActiveCfg = RelWithDebInfo|x64
		{5FD7ED43-7E9D-3171-B509-1821666E286F}.RelWithDebInfo|x64.Build.0 = RelWithDebInfo|x64
		{5FD7ED43-7E9D-3171-B509-1821666E286F}.RelWithDebInfo|x86.ActiveCfg = RelWithDebInfo|x64
		{AED36110-67AF-37DC-860B-44809A0EB93E}.Debug|x64.ActiveCfg = Debug|x64
		{AED36110-67AF-37DC-860B-44809A0EB93E}.Debug|x64.Build.0 = Debug|x64
		{AED36110-67AF-37DC-860B-44809A0EB93E}.Debug|x86.ActiveCfg = Debug|x64
		{AED36110-67AF-37DC-860B-44809A0EB93E}.MinSizeRel|x64.ActiveCfg = MinSizeRel|x64
		{AED36110-67AF-37DC-860B-44809A0EB93E}.MinSizeRel|x64.Build.0 = MinSizeRel|x64
		{AED36110-67AF-37DC-860B-44809A0EB93E}.MinSizeRel|x86.ActiveCfg = MinSizeRel|x64
		{AED36110-67AF-37DC-860B-44809A0EB93E}.Release|x64.ActiveCfg = Release|x64
		{AED36110-67AF-37DC-860B-44809A0EB93E}.Release|x64.Build.0 = Release|x64
		{AED36110-67AF-37DC-860B-44809A0EB93E}.Release|x86.ActiveCfg = Release|x64
		{AED36110-67AF-37DC-860B-44809A0EB93E}.RelWithDebInfo|x64.ActiveCfg = RelWithDebInfo|x64
		{AED36110-67AF-37DC-860B-44809A0EB93E}.RelWithDebInfo|x64.Build.0 = RelWithDebInfo|x64
		{AED36110-67AF-37DC-860B-44809A0EB93E}.RelWithDebInfo|x86.ActiveCfg = RelWithDebInfo|x64
		{C58D2299-DCE6-3F54-BC77-438178F17F3C}.Debug|x64.ActiveCfg = Debug|x64
		{C58D2299-DCE6-3F54-BC77-438178F17F3C}.Debug|x64.Build.0 = Debug|x64
		{C58D2299-DCE6-3F54-BC77-438178F17F3C}.Debug|x86.ActiveCfg = Debug|x64
		{C58D2299-DCE6-3F54-BC77-438178F17F3C}.MinSizeRel|x64.ActiveCfg = MinSizeRel|x64
		{C58D2299-DCE6-3F54-BC77-438178F17F3C}.MinSizeRel|x64.Build.0 = MinSizeRel|x64
		{C58D2299-DCE6-3F54-BC77-438178F17F3C}.MinSizeRel|x86.ActiveCfg = MinSizeRel|x64
		{C58D2299-DCE6-3F54-BC77-438178F17F3C}.Release|x64.ActiveCfg = Release|x64
		{C58D2299-DCE6-3F54-BC77-438178F17F3C}.Release|x64.Build.0 = Release|x64
		{C58D2299-DCE6-3F54-BC77-438178F17F3C}.Release|x86.ActiveCfg = Release|x64
		{C58D2299-DCE6-3F54-BC77-438178F17F3C}.RelWithDebInfo|x64.ActiveCfg = RelWithDebInfo|x64
		{C58D2299-DCE6-3F54-BC77-438178F17F3C}.RelWithDebInfo|x64.Build.0 = RelWithDebInfo|x64
		{C58D2299-DCE6-3F54-BC77-438178F17F3C}.RelWithDebInfo|x86.ActiveCfg = RelWithDebInfo|x64
		{08E3AEB6-673B-3C33-9667-D48A538B07BD}.Debug|x64.ActiveCfg = Debug|x64
		{08E3AEB6-673B-3C33-9667-D48A538B07BD}.Debug|x64.Build.0 = Debug|x64
		{08E3AEB6-673B-3C33-9667-D48A538B07BD}.Debug|x86.ActiveCfg = Debug|x64
		{08E3AEB6-673B-3C33-9667-D48A538B07BD}.MinSizeRel|x64.ActiveCfg = MinSizeRel|x64
		{08E3AEB6-673B-3C33-9667-D48A538B07BD}.MinSizeRel|x64.Build.0 = MinSizeRel|x64
		{08E3AEB6-673B-3C33-9667-D48A538B07BD}.MinSizeRel|x86.ActiveCfg = MinSizeRel|x64
		{08E3AEB6-673B-3C33-9667-D48A538B07BD}.Release|x64.ActiveCfg = Release|x64
		{08E3AEB6-673B-3C33-9667-D48A538B07BD}.Release|x64.Build.0 = Release|x64
		{08E3AEB6-673B-3C33-9667-D48A538B07BD}.Release|x86.ActiveCfg = Release|x64
		{08E3AEB6-673B-3C33-9667-D48A538B07BD}.RelWithDebInfo|x64.ActiveCfg = RelWithDebInfo|x64
		{08E3AEB6-673B-3C33-9667-D48A538B07BD}.RelWithDebInfo|x64.Build.0 = RelWithDebInfo|x64
		{08E3AEB6-673B-3C33-9667-D48A538B07BD}.RelWithDebInfo|x86.ActiveCfg = RelWithDebInfo|x64
		{9A72E3A8-0286-3309-9B12-318658344CA4}.Debug|x64.ActiveCfg = Debug|x64
		{9A72E3A8-0286-3309-9B12-318658344CA4}.Debug|x64.Build.0 = Debug|x64
		{9A72E3A8-0286-3309-9B12-318658344CA4}.Debug|x86.ActiveCfg = Debug|x64
		{9A72E3A8-0286-3309-9B12-318658344CA4}.MinSizeRel|x64.ActiveCfg = MinSizeRel|x64
		{9A72E3A8-0286-3309-9B12-318658344CA4}.MinSizeRel|x64.Build.0 = MinSizeRel|x64
		{9A72E3A8-0286-3309-9B12-318658344CA4}.MinSizeRel|x86.ActiveCfg = MinSizeRel|x64
		{9A72E3A8-0286-3309-9B12-318658344CA4}.Release|x64.ActiveCfg = Release|x64
		{9A72E3A8-0286-3309-9B12-318658344CA4}.Release|x64.Build.0 = Release|x64
		{9A72E3A8-0286-3309-9B12-318658344CA4}.Release|x86.ActiveCfg = Release|x64
		{9A72E3A8-0286-3309-9B12-318658344CA4}.RelWithDebInfo|x64.ActiveCfg = RelWithDebInfo|x64
		{9A72E3A8-0286-3309-9B12-318658344CA4}.RelWithDebInfo|x64.Build.0 = RelWithDebInfo|x64
		{9A72E3A8-0286-3309-9B12-318658344CA4}.RelWithDebInfo|x86.ActiveCfg = RelWithDebInfo|x64
		{CD587598-A352-325F-8395-C669758C4597}.Debug|x64.ActiveCfg = Debug|x64
		{CD587598-A352-325F-8395-C669758C4597}.Debug|x64.Build.0 = Debug|x64
		{CD587598-A352-325F-8395-C669758C4597}.Debug|x86.ActiveCfg = Debug|x64
		{CD587598-A352-325F-8395-C669758C4597}.MinSizeRel|x64.ActiveCfg = MinSizeRel|x64
		{CD587598-A352-325F-8395-C669758C4597}.MinSizeRel|x64.Build.0 = MinSizeRel|x64
		{CD587598-A352-325F-8395-C669758C4597}.MinSizeRel|x86.ActiveCfg = MinSizeRel|x64
		{CD587598-A352-325F-8395-C669758C4597}.Release|x64.ActiveCfg = Release|x64
		{CD587598-A352-325F-8395-C669758C4597}.Release|x64.Build.0 = Release|x64
		{CD587598-A352-325F-8395-C669758C4597}.Release|x86.ActiveCfg = Release|x64
		{CD587598-A352-325F-8395-C669758C4597}.RelWithDebInfo|x64.ActiveCfg = RelWithDebInfo|x64
		{CD587598-A352-325F-8395-C669758C4597}.RelWithDebInfo|x64.Build.0 = RelWithDebInfo|x64
		{CD587598-A352-325F-8395-C669758C4597}.RelWithDebInfo|x86.ActiveCfg = RelWithDebInfo|x64
		{632F6D81-8A8A-3A1B-8E8C-BC66400494D0}.Debug|x64.ActiveCfg = Debug|x64
		{632F6D81-8A8A-3A1B-8E8C-BC66400494D0}.Debug|x64.Build.0 = Debug|x64
		{632F6D81-8A8A-3A1B-8E8C-BC66400494D0}.Debug|x86.ActiveCfg = Debug|x64
		{632F6D81-8A8A-3A1B-8E8C-BC66400494D0}.MinSizeRel|x64.ActiveCfg = MinSizeRel|x64
		{632F6D81-8A8A-3A1B-8E8C-BC66400494D0}.MinSizeRel|x64.Build.0 = MinSizeRel|x64
		{632F6D81-8A8A-3A1B-8E8C-BC66400494D0}.MinSizeRel|x86.ActiveCfg = MinSizeRel|x64
		{632F6D81-8A8A-3A1B-8E8C-BC66400494D0}.Release|x64.ActiveCfg = Release|x64
		{632F6D81-8A8A-3A1B-8E8C-BC66400494D0}.Release|x64.Build.0 = Release|x64
		{632F6D81-8A8A-3A1B-8E8C-BC66400494D0}.Release|x86.ActiveCfg = Release|x64
		{632F6D81-8A8A-3A1B-8E8C-BC66400494D0}.RelWithDebInfo|x64.ActiveCfg = RelWithDebInfo|x64
		{632F6D81-8A8A-3A1B-8E8C-BC66400494D0}.RelWithDebInfo|x64.Build.0 = RelWithDebInfo|x64
		{632F6D81-8A8A-3A1B-8E8C-BC66400494D0}.RelWithDebInfo|x86.ActiveCfg = RelWithDebInfo|x64
		{33213E80-CAC1-3890-BF76-2F05F6D6586F}.Debug|x64.ActiveCfg = Debug|x64
		{33213E80-CAC1-3890-BF76-2F05F6D6586F}.Debug|x64.Build.0 = Debug|x64
		{33213E80-CAC1-3890-BF76-2F05F6D6586F}.Debug|x86.ActiveCfg = Debug|x64
		{33213E80-CAC1-3890-BF76-2F05F6D6586F}.MinSizeRel|x64.ActiveCfg = MinSizeRel|x64
		{33213E80-CAC1-3890-BF76-2F05F6D6586F}.MinSizeRel|x64.Build.0 = MinSizeRel|x64
		{33213E80-CAC1-3890-BF76-2F05F6D6586F}.MinSizeRel|x86.ActiveCfg = MinSizeRel|x64
		{33213E80-CAC1-3890-BF76-2F05F6D6586F}.Release|x64.ActiveCfg = Release|x64
		{33213E80-CAC1-3890-BF76-2F05F6D6586F}.Release|x64.Build.0 = Release|x64
		{33213E80-CAC1-3890-BF76-2F05F6D6586F}.Release|x86.ActiveCfg = Release|x64
		{33213E80-CAC1-3890-BF76-2F05F6D6586F}.RelWithDebInfo|x64.ActiveCfg = RelWithDebInfo|x64
		{33213E80-CAC1-3890-BF76-2F05F6D6586F}.RelWithDebInfo|x64.Build.0 = RelWithDebInfo|x64
		{33213E80-CAC1-3890-BF76-2F05F6D6586F}.RelWithDebInfo|x86.ActiveCfg = RelWithDebInfo|x64
		{EE217E9E-7941-3D6C-9E84-167ED138D2AD}.Debug|x64.ActiveCfg = Debug|x64
		{EE217E9E-7941-3D6C-9E84-167ED138D2AD}.Debug|x64.Build.0 = Debug|x64
		{EE217E9E-7941-3D6C-9E84-167ED138D2AD}.Debug|x86.ActiveCfg = Debug|x64
		{EE217E9E-7941-3D6C-9E84-167ED138D2AD}.MinSizeRel|x64.ActiveCfg = MinSizeRel|x64
		{EE217E9E-7941-3D6C-9E84-167ED138D2AD}.MinSizeRel|x64.Build.0 = MinSizeRel|x64
		{EE217E9E-7941-3D6C-9E84-167ED138D2AD}.MinSizeRel|x86.ActiveCfg = MinSizeRel|x64
		{EE217E9E-7941-3D6C-9E84-167ED138D2AD}.Release|x64.ActiveCfg = Release|x64
		{EE217E9E-7941-3D6C-9E84-167ED138D2AD}.Release|x64.Build.0 = Release|x64
		{EE217E9E-7941-3D6C-9E84-167ED138D2AD}.Release|x86.ActiveCfg = Release|x64
		{EE217E9E-7941-3D6C-9E84-167ED138D2AD}.RelWithDebInfo|x64.ActiveCfg = RelWithDebInfo|x64
		{EE217E9E-7941-3D6C-9E84-167ED138D2AD}.RelWithDebInfo|x64.Build.0 = RelWithDebInfo|x64
		{EE217E9E-7941-3D6C-9E84-167ED138D2AD}.RelWithDebInfo|x86.ActiveCfg = RelWithDebInfo|x64
		{39932284-477B-3613-9DFC-7D1C8A053CD5}.Debug|x64.ActiveCfg = Debug|x64
		{39932284-477B-3613-9DFC-7D1C8A053CD5}.Debug|x64.Build.0 = Debug|x64
		{39932284-477B-3613-9DFC-7D1C8A053CD5}.Debug|x86.ActiveCfg = Debug|x64
		{39932284-477B-3613-9DFC-7D1C8A053CD5}.MinSizeRel|x64.ActiveCfg = MinSizeRel|x64
		{39932284-477B-3613-9DFC-7D1C8A053CD5}.MinSizeRel|x64.Build.0 = MinSizeRel|x64
		{39932284-477B-3613-9DFC-7D1C8A053CD5}.MinSizeRel|x86.ActiveCfg = MinSizeRel|x64
		{39932284-477B-3613-9DFC-7D1C8A053CD5}.Release|x64.ActiveCfg = Release|x64
		{39932284-477B-3613-9DFC-7D1C8A053CD5}.Release|x64.Build.0 = Release|x64
		{39932284-477B-3613-9DFC-7D1C8A053CD5}.Release|x86.ActiveCfg = Release|x64
		{39932284-477B-3613-9DFC-7D1C8A053CD5}.RelWithDebInfo|x64.ActiveCfg = RelWithDebInfo|x64
		{39932284-477B-3613-9DFC-7D1C8A053CD5}.RelWithDebInfo|x64.Build.0 = RelWithDebInfo|x64
		{39932284-477B-3613-9DFC-7D1C8A053CD5}.RelWithDebInfo|x86.ActiveCfg = RelWithDebInfo|x64
		{F25BFD38-A44D-4FF8-BBC2-AF87445F2F93}.Debug|x64.ActiveCfg = Debug|x64
		{F25BFD38-A44D-4FF8-BBC2-AF87445F2F93}.Debug|x64.Build.0 = Debug|x64
		{F25BFD38-A44D-4FF8-BBC2-AF87445F2F93}.Debug|x86.ActiveCfg = Debug|Win32
		{F25BFD38-A44D-4FF8-BBC2-AF87445F2F93}.Debug|x86.Build.0 = Debug|Win32
		{F25BFD38-A44D-4FF8-BBC2-AF87445F2F93}.MinSizeRel|x64.ActiveCfg = Debug|x64
		{F25BFD38-A44D-4FF8-BBC2-AF87445F2F93}.MinSizeRel|x64.Build.0 = Debug|x64
		{F25BFD38-A44D-4FF8-BBC2-AF87445F2F93}.MinSizeRel|x86.ActiveCfg = Debug|Win32
		{F25BFD38-A44D-4FF8-BBC2-AF87445F2F93}.MinSizeRel|x86.Build.0 = Debug|Win32
		{F25BFD38-A44D-4FF8-BBC2-AF87445F2F93}.Release|x64.ActiveCfg = Release|x64
		{F25BFD38-A44D-4FF8-BBC2-AF87445F2F93}.Release|x64.Build.0 = Release|x64
		{F25BFD38-A44D-4FF8-BBC2-AF87445F2F93}.Release|x86.ActiveCfg = Release|Win32
		{F25BFD38-A44D-4FF8-BBC2-AF87445F2F93}.Release|x86.Build.0 = Release|Win32
		{F25BFD38-A44D-4FF8-BBC2-AF87445F2F93}.RelWithDebInfo|x64.ActiveCfg = Release|x64
		{F25BFD38-A44D-4FF8-BBC2-AF87445F2F93}.RelWithDebInfo|x64.Build.0 = Release|x64
		{F25BFD38-A44D-4FF8-BBC2-AF87445F2F93}.RelWithDebInfo|x86.ActiveCfg = Release|Win32
		{F25BFD38-A44D-4FF8-BBC2-AF87445F2F93}.RelWithDebInfo|x86.Build.0 = Release|Win32
	EndGlobalSection
	GlobalSection(SolutionProperties) = preSolution
		HideSolutionNode = FALSE
	EndGlobalSection
	GlobalSection(NestedProjects) = preSolution
		{46AEE438-DD45-3D78-9384-71F906CD9B90} = {5E3C2D2C-02CA-3E8C-9B13-67CF2108C1FC}
		{35F8D913-89CB-37C1-A689-ABEDDF4AEFB2} = {5E3C2D2C-02CA-3E8C-9B13-67CF2108C1FC}
		{CDCD0E37-B3C5-3161-9612-26AB10C20A2C} = {53BF4041-B574-3538-89FF-FB4C37005033}
		{03429366-3BEC-3D16-A1BF-E3291552E237} = {53BF4041-B574-3538-89FF-FB4C37005033}
		{2B73A698-D4A9-3C0C-89C1-0266ACB9E0F0} = {53BF4041-B574-3538-89FF-FB4C37005033}
		{B0DC186A-4A1D-3D82-936A-33DF83284A77} = {248055BE-47FA-3DBE-ABC9-A7B9D5C40639}
		{DA990C45-33D5-3453-9BEC-AAB67CE00025} = {53BF4041-B574-3538-89FF-FB4C37005033}
		{B343C97D-0256-3ADB-8E68-89797DE991D1} = {53BF4041-B574-3538-89FF-FB4C37005033}
		{5BD58DBF-0030-3B3B-AD39-D1D697F039AB} = {53BF4041-B574-3538-89FF-FB4C37005033}
		{730C62C0-94A6-30ED-A0CF-C3754BF35FDB} = {53BF4041-B574-3538-89FF-FB4C37005033}
		{10EC894E-59BA-3EF0-8E0C-C6E629AD25B5} = {53BF4041-B574-3538-89FF-FB4C37005033}
		{F5678B55-1901-3A55-9943-CC61A5A54264} = {53BF4041-B574-3538-89FF-FB4C37005033}
		{E05EA8A7-3314-31F1-AC4C-D6F87AA83F89} = {248055BE-47FA-3DBE-ABC9-A7B9D5C40639}
		{83E1AC0E-22D8-3EB1-BC9C-14E1D2B6A4C2} = {5E3C2D2C-02CA-3E8C-9B13-67CF2108C1FC}
		{39932284-477B-3613-9DFC-7D1C8A053CD5} = {248055BE-47FA-3DBE-ABC9-A7B9D5C40639}
	EndGlobalSection
	GlobalSection(ExtensibilityGlobals) = postSolution
		SolutionGuid = {DA15F341-D6CC-39CF-B1B1-F5AC46722834}
	EndGlobalSection
EndGlobal
